
Microsoft Visual Studio Solution File, Format Version 12.00
# Visual Studio Version 17
VisualStudioVersion = 17.13.35931.197
MinimumVisualStudioVersion = 10.0.40219.1
Project("{8BC9CEB8-8B4A-11D0-8D11-00A0C91BC942}") = "7-1.1", "7-1.1\7-1.1.vcxproj", "{F728BB94-9B20-4B85-B5C0-BFB6EBE5FFE4}"
EndProject
Project("{8BC9CEB8-8B4A-11D0-8D11-00A0C91BC942}") = "7-1.2", "7-1.2\7-1.2.vcxproj", "{F14D5B76-1CFF-4558-B31C-6C4289BF45ED}"
EndProject
Project("{8BC9CEB8-8B4A-11D0-8D11-00A0C91BC942}") = "7-2.1", "7-2.1\7-2.1.vcxproj", "{04991151-D830-4D58-B790-7939D0A54C4C}"
EndProject
Project("{8BC9CEB8-8B4A-11D0-8D11-00A0C91BC942}") = "7-2.2", "7-2.2\7-2.2.vcxproj", "{00D01ABC-579B-4BF5-AED3-ABBF305F7457}"
EndProject
Project("{8BC9CEB8-8B4A-11D0-8D11-00A0C91BC942}") = "7-3", "7-3\7-3.vcxproj", "{909075D6-77D0-4437-9105-AD986CDEF72A}"
EndProject
Project("{8BC9CEB8-8B4A-11D0-8D11-00A0C91BC942}") = "7-4", "7-4\7-4.vcxproj", "{3FEF7CF6-5A7D-4649-BE87-2D1C5468584C}"
EndProject
Project("{8BC9CEB8-8B4A-11D0-8D11-00A0C91BC942}") = "7-5.1", "7-5.1\7-5.1.vcxproj", "{268196C1-BA1C-46CA-B3D3-CD0E7E799360}"
EndProject
Project("{8BC9CEB8-8B4A-11D0-8D11-00A0C91BC942}") = "7-5.2", "7-5.2\7-5.2.vcxproj", "{768E786A-4C11-4EC0-B8D6-74F3977D92E4}"
EndProject
Project("{8BC9CEB8-8B4A-11D0-8D11-00A0C91BC942}") = "7-6.1", "7-6.1\7-6.1.vcxproj", "{E48396FA-AEA9-4358-84F0-79494B98078D}"
EndProject
Project("{8BC9CEB8-8B4A-11D0-8D11-00A0C91BC942}") = "7-6.2", "7-6.2\7-6.2.vcxproj", "{3AEA1E0C-3DAA-41C0-ACD4-B7BCADB9D231}"
EndProject
Project("{8BC9CEB8-8B4A-11D0-8D11-00A0C91BC942}") = "7-8", "7-8\7-8.vcxproj", "{1BB70FC2-E05C-48EB-BF87-A95351E0133D}"
EndProject
Project("{8BC9CEB8-8B4A-11D0-8D11-00A0C91BC942}") = "7-7.1", "7-7.1\7-7.1.vcxproj", "{A9D2D964-F779-4BA0-8B7B-4D8FFE886D25}"
EndProject
Project("{8BC9CEB8-8B4A-11D0-8D11-00A0C91BC942}") = "7-7.2", "7-7.2\7-7.2.vcxproj", "{4940A34A-5CD3-4188-B1FD-D3D936B1943C}"
EndProject
Project("{8BC9CEB8-8B4A-11D0-8D11-00A0C91BC942}") = "7-9", "7-9\7-9.vcxproj", "{BA6551A7-25E5-4E7F-9775-97592DA7E0B3}"
EndProject
Project("{8BC9CEB8-8B4A-11D0-8D11-00A0C91BC942}") = "7-10", "7-10\7-10.vcxproj", "{803FBB5E-C61C-4783-8C96-46E1A450BE56}"
EndProject
Project("{8BC9CEB8-8B4A-11D0-8D11-00A0C91BC942}") = "7-11", "7-11\7-11.vcxproj", "{DD4FCE63-9112-467B-80DB-9BB507E75D3F}"
EndProject
Project("{8BC9CEB8-8B4A-11D0-8D11-00A0C91BC942}") = "7-12", "7-12\7-12.vcxproj", "{C9EBE581-162A-4FCD-868A-C085DBF24EA4}"
EndProject
Global
	GlobalSection(SolutionConfigurationPlatforms) = preSolution
		Debug|x64 = Debug|x64
		Debug|x86 = Debug|x86
		Release|x64 = Release|x64
		Release|x86 = Release|x86
	EndGlobalSection
	GlobalSection(ProjectConfigurationPlatforms) = postSolution
		{F728BB94-9B20-4B85-B5C0-BFB6EBE5FFE4}.Debug|x64.ActiveCfg = Debug|x64
		{F728BB94-9B20-4B85-B5C0-BFB6EBE5FFE4}.Debug|x64.Build.0 = Debug|x64
		{F728BB94-9B20-4B85-B5C0-BFB6EBE5FFE4}.Debug|x86.ActiveCfg = Debug|Win32
		{F728BB94-9B20-4B85-B5C0-BFB6EBE5FFE4}.Debug|x86.Build.0 = Debug|Win32
		{F728BB94-9B20-4B85-B5C0-BFB6EBE5FFE4}.Release|x64.ActiveCfg = Release|x64
		{F728BB94-9B20-4B85-B5C0-BFB6EBE5FFE4}.Release|x64.Build.0 = Release|x64
		{F728BB94-9B20-4B85-B5C0-BFB6EBE5FFE4}.Release|x86.ActiveCfg = Release|Win32
		{F728BB94-9B20-4B85-B5C0-BFB6EBE5FFE4}.Release|x86.Build.0 = Release|Win32
		{F14D5B76-1CFF-4558-B31C-6C4289BF45ED}.Debug|x64.ActiveCfg = Debug|x64
		{F14D5B76-1CFF-4558-B31C-6C4289BF45ED}.Debug|x64.Build.0 = Debug|x64
		{F14D5B76-1CFF-4558-B31C-6C4289BF45ED}.Debug|x86.ActiveCfg = Debug|Win32
		{F14D5B76-1CFF-4558-B31C-6C4289BF45ED}.Debug|x86.Build.0 = Debug|Win32
		{F14D5B76-1CFF-4558-B31C-6C4289BF45ED}.Release|x64.ActiveCfg = Release|x64
		{F14D5B76-1CFF-4558-B31C-6C4289BF45ED}.Release|x64.Build.0 = Release|x64
		{F14D5B76-1CFF-4558-B31C-6C4289BF45ED}.Release|x86.ActiveCfg = Release|Win32
		{F14D5B76-1CFF-4558-B31C-6C4289BF45ED}.Release|x86.Build.0 = Release|Win32
		{04991151-D830-4D58-B790-7939D0A54C4C}.Debug|x64.ActiveCfg = Debug|x64
		{04991151-D830-4D58-B790-7939D0A54C4C}.Debug|x64.Build.0 = Debug|x64
		{04991151-D830-4D58-B790-7939D0A54C4C}.Debug|x86.ActiveCfg = Debug|Win32
		{04991151-D830-4D58-B790-7939D0A54C4C}.Debug|x86.Build.0 = Debug|Win32
		{04991151-D830-4D58-B790-7939D0A54C4C}.Release|x64.ActiveCfg = Release|x64
		{04991151-D830-4D58-B790-7939D0A54C4C}.Release|x64.Build.0 = Release|x64
		{04991151-D830-4D58-B790-7939D0A54C4C}.Release|x86.ActiveCfg = Release|Win32
		{04991151-D830-4D58-B790-7939D0A54C4C}.Release|x86.Build.0 = Release|Win32
		{00D01ABC-579B-4BF5-AED3-ABBF305F7457}.Debug|x64.ActiveCfg = Debug|x64
		{00D01ABC-579B-4BF5-AED3-ABBF305F7457}.Debug|x64.Build.0 = Debug|x64
		{00D01ABC-579B-4BF5-AED3-ABBF305F7457}.Debug|x86.ActiveCfg = Debug|Win32
		{00D01ABC-579B-4BF5-AED3-ABBF305F7457}.Debug|x86.Build.0 = Debug|Win32
		{00D01ABC-579B-4BF5-AED3-ABBF305F7457}.Release|x64.ActiveCfg = Release|x64
		{00D01ABC-579B-4BF5-AED3-ABBF305F7457}.Release|x64.Build.0 = Release|x64
		{00D01ABC-579B-4BF5-AED3-ABBF305F7457}.Release|x86.ActiveCfg = Release|Win32
		{00D01ABC-579B-4BF5-AED3-ABBF305F7457}.Release|x86.Build.0 = Release|Win32
		{909075D6-77D0-4437-9105-AD986CDEF72A}.Debug|x64.ActiveCfg = Debug|x64
		{909075D6-77D0-4437-9105-AD986CDEF72A}.Debug|x64.Build.0 = Debug|x64
		{909075D6-77D0-4437-9105-AD986CDEF72A}.Debug|x86.ActiveCfg = Debug|Win32
		{909075D6-77D0-4437-9105-AD986CDEF72A}.Debug|x86.Build.0 = Debug|Win32
		{909075D6-77D0-4437-9105-AD986CDEF72A}.Release|x64.ActiveCfg = Release|x64
		{909075D6-77D0-4437-9105-AD986CDEF72A}.Release|x64.Build.0 = Release|x64
		{909075D6-77D0-4437-9105-AD986CDEF72A}.Release|x86.ActiveCfg = Release|Win32
		{909075D6-77D0-4437-9105-AD986CDEF72A}.Release|x86.Build.0 = Release|Win32
		{3FEF7CF6-5A7D-4649-BE87-2D1C5468584C}.Debug|x64.ActiveCfg = Debug|x64
		{3FEF7CF6-5A7D-4649-BE87-2D1C5468584C}.Debug|x64.Build.0 = Debug|x64
		{3FEF7CF6-5A7D-4649-BE87-2D1C5468584C}.Debug|x86.ActiveCfg = Debug|Win32
		{3FEF7CF6-5A7D-4649-BE87-2D1C5468584C}.Debug|x86.Build.0 = Debug|Win32
		{3FEF7CF6-5A7D-4649-BE87-2D1C5468584C}.Release|x64.ActiveCfg = Release|x64
		{3FEF7CF6-5A7D-4649-BE87-2D1C5468584C}.Release|x64.Build.0 = Release|x64
		{3FEF7CF6-5A7D-4649-BE87-2D1C5468584C}.Release|x86.ActiveCfg = Release|Win32
		{3FEF7CF6-5A7D-4649-BE87-2D1C5468584C}.Release|x86.Build.0 = Release|Win32
		{268196C1-BA1C-46CA-B3D3-CD0E7E799360}.Debug|x64.ActiveCfg = Debug|x64
		{268196C1-BA1C-46CA-B3D3-CD0E7E799360}.Debug|x64.Build.0 = Debug|x64
		{268196C1-BA1C-46CA-B3D3-CD0E7E799360}.Debug|x86.ActiveCfg = Debug|Win32
		{268196C1-BA1C-46CA-B3D3-CD0E7E799360}.Debug|x86.Build.0 = Debug|Win32
		{268196C1-BA1C-46CA-B3D3-CD0E7E799360}.Release|x64.ActiveCfg = Release|x64
		{268196C1-BA1C-46CA-B3D3-CD0E7E799360}.Release|x64.Build.0 = Release|x64
		{268196C1-BA1C-46CA-B3D3-CD0E7E799360}.Release|x86.ActiveCfg = Release|Win32
		{268196C1-BA1C-46CA-B3D3-CD0E7E799360}.Release|x86.Build.0 = Release|Win32
		{768E786A-4C11-4EC0-B8D6-74F3977D92E4}.Debug|x64.ActiveCfg = Debug|x64
		{768E786A-4C11-4EC0-B8D6-74F3977D92E4}.Debug|x64.Build.0 = Debug|x64
		{768E786A-4C11-4EC0-B8D6-74F3977D92E4}.Debug|x86.ActiveCfg = Debug|Win32
		{768E786A-4C11-4EC0-B8D6-74F3977D92E4}.Debug|x86.Build.0 = Debug|Win32
		{768E786A-4C11-4EC0-B8D6-74F3977D92E4}.Release|x64.ActiveCfg = Release|x64
		{768E786A-4C11-4EC0-B8D6-74F3977D92E4}.Release|x64.Build.0 = Release|x64
		{768E786A-4C11-4EC0-B8D6-74F3977D92E4}.Release|x86.ActiveCfg = Release|Win32
		{768E786A-4C11-4EC0-B8D6-74F3977D92E4}.Release|x86.Build.0 = Release|Win32
		{E48396FA-AEA9-4358-84F0-79494B98078D}.Debug|x64.ActiveCfg = Debug|x64
		{E48396FA-AEA9-4358-84F0-79494B98078D}.Debug|x64.Build.0 = Debug|x64
		{E48396FA-AEA9-4358-84F0-79494B98078D}.Debug|x86.ActiveCfg = Debug|Win32
		{E48396FA-AEA9-4358-84F0-79494B98078D}.Debug|x86.Build.0 = Debug|Win32
		{E48396FA-AEA9-4358-84F0-79494B98078D}.Release|x64.ActiveCfg = Release|x64
		{E48396FA-AEA9-4358-84F0-79494B98078D}.Release|x64.Build.0 = Release|x64
		{E48396FA-AEA9-4358-84F0-79494B98078D}.Release|x86.ActiveCfg = Release|Win32
		{E48396FA-AEA9-4358-84F0-79494B98078D}.Release|x86.Build.0 = Release|Win32
		{3AEA1E0C-3DAA-41C0-ACD4-B7BCADB9D231}.Debug|x64.ActiveCfg = Debug|x64
		{3AEA1E0C-3DAA-41C0-ACD4-B7BCADB9D231}.Debug|x64.Build.0 = Debug|x64
		{3AEA1E0C-3DAA-41C0-ACD4-B7BCADB9D231}.Debug|x86.ActiveCfg = Debug|Win32
		{3AEA1E0C-3DAA-41C0-ACD4-B7BCADB9D231}.Debug|x86.Build.0 = Debug|Win32
		{3AEA1E0C-3DAA-41C0-ACD4-B7BCADB9D231}.Release|x64.ActiveCfg = Release|x64
		{3AEA1E0C-3DAA-41C0-ACD4-B7BCADB9D231}.Release|x64.Build.0 = Release|x64
		{3AEA1E0C-3DAA-41C0-ACD4-B7BCADB9D231}.Release|x86.ActiveCfg = Release|Win32
		{3AEA1E0C-3DAA-41C0-ACD4-B7BCADB9D231}.Release|x86.Build.0 = Release|Win32
		{1BB70FC2-E05C-48EB-BF87-A95351E0133D}.Debug|x64.ActiveCfg = Debug|x64
		{1BB70FC2-E05C-48EB-BF87-A95351E0133D}.Debug|x64.Build.0 = Debug|x64
		{1BB70FC2-E05C-48EB-BF87-A95351E0133D}.Debug|x86.ActiveCfg = Debug|Win32
		{1BB70FC2-E05C-48EB-BF87-A95351E0133D}.Debug|x86.Build.0 = Debug|Win32
		{1BB70FC2-E05C-48EB-BF87-A95351E0133D}.Release|x64.ActiveCfg = Release|x64
		{1BB70FC2-E05C-48EB-BF87-A95351E0133D}.Release|x64.Build.0 = Release|x64
		{1BB70FC2-E05C-48EB-BF87-A95351E0133D}.Release|x86.ActiveCfg = Release|Win32
		{1BB70FC2-E05C-48EB-BF87-A95351E0133D}.Release|x86.Build.0 = Release|Win32
		{A9D2D964-F779-4BA0-8B7B-4D8FFE886D25}.Debug|x64.ActiveCfg = Debug|x64
		{A9D2D964-F779-4BA0-8B7B-4D8FFE886D25}.Debug|x64.Build.0 = Debug|x64
		{A9D2D964-F779-4BA0-8B7B-4D8FFE886D25}.Debug|x86.ActiveCfg = Debug|Win32
		{A9D2D964-F779-4BA0-8B7B-4D8FFE886D25}.Debug|x86.Build.0 = Debug|Win32
		{A9D2D964-F779-4BA0-8B7B-4D8FFE886D25}.Release|x64.ActiveCfg = Release|x64
		{A9D2D964-F779-4BA0-8B7B-4D8FFE886D25}.Release|x64.Build.0 = Release|x64
		{A9D2D964-F779-4BA0-8B7B-4D8FFE886D25}.Release|x86.ActiveCfg = Release|Win32
		{A9D2D964-F779-4BA0-8B7B-4D8FFE886D25}.Release|x86.Build.0 = Release|Win32
		{4940A34A-5CD3-4188-B1FD-D3D936B1943C}.Debug|x64.ActiveCfg = Debug|x64
		{4940A34A-5CD3-4188-B1FD-D3D936B1943C}.Debug|x64.Build.0 = Debug|x64
		{4940A34A-5CD3-4188-B1FD-D3D936B1943C}.Debug|x86.ActiveCfg = Debug|Win32
		{4940A34A-5CD3-4188-B1FD-D3D936B1943C}.Debug|x86.Build.0 = Debug|Win32
		{4940A34A-5CD3-4188-B1FD-D3D936B1943C}.Release|x64.ActiveCfg = Release|x64
		{4940A34A-5CD3-4188-B1FD-D3D936B1943C}.Release|x64.Build.0 = Release|x64
		{4940A34A-5CD3-4188-B1FD-D3D936B1943C}.Release|x86.ActiveCfg = Release|Win32
		{4940A34A-5CD3-4188-B1FD-D3D936B1943C}.Release|x86.Build.0 = Release|Win32
		{BA6551A7-25E5-4E7F-9775-97592DA7E0B3}.Debug|x64.ActiveCfg = Debug|x64
		{BA6551A7-25E5-4E7F-9775-97592DA7E0B3}.Debug|x64.Build.0 = Debug|x64
		{BA6551A7-25E5-4E7F-9775-97592DA7E0B3}.Debug|x86.ActiveCfg = Debug|Win32
		{BA6551A7-25E5-4E7F-9775-97592DA7E0B3}.Debug|x86.Build.0 = Debug|Win32
		{BA6551A7-25E5-4E7F-9775-97592DA7E0B3}.Release|x64.ActiveCfg = Release|x64
		{BA6551A7-25E5-4E7F-9775-97592DA7E0B3}.Release|x64.Build.0 = Release|x64
		{BA6551A7-25E5-4E7F-9775-97592DA7E0B3}.Release|x86.ActiveCfg = Release|Win32
		{BA6551A7-25E5-4E7F-9775-97592DA7E0B3}.Release|x86.Build.0 = Release|Win32
		{803FBB5E-C61C-4783-8C96-46E1A450BE56}.Debug|x64.ActiveCfg = Debug|x64
		{803FBB5E-C61C-4783-8C96-46E1A450BE56}.Debug|x64.Build.0 = Debug|x64
		{803FBB5E-C61C-4783-8C96-46E1A450BE56}.Debug|x86.ActiveCfg = Debug|Win32
		{803FBB5E-C61C-4783-8C96-46E1A450BE56}.Debug|x86.Build.0 = Debug|Win32
		{803FBB5E-C61C-4783-8C96-46E1A450BE56}.Release|x64.ActiveCfg = Release|x64
		{803FBB5E-C61C-4783-8C96-46E1A450BE56}.Release|x64.Build.0 = Release|x64
		{803FBB5E-C61C-4783-8C96-46E1A450BE56}.Release|x86.ActiveCfg = Release|Win32
		{803FBB5E-C61C-4783-8C96-46E1A450BE56}.Release|x86.Build.0 = Release|Win32
		{DD4FCE63-9112-467B-80DB-9BB507E75D3F}.Debug|x64.ActiveCfg = Debug|x64
		{DD4FCE63-9112-467B-80DB-9BB507E75D3F}.Debug|x64.Build.0 = Debug|x64
		{DD4FCE63-9112-467B-80DB-9BB507E75D3F}.Debug|x86.ActiveCfg = Debug|Win32
		{DD4FCE63-9112-467B-80DB-9BB507E75D3F}.Debug|x86.Build.0 = Debug|Win32
		{DD4FCE63-9112-467B-80DB-9BB507E75D3F}.Release|x64.ActiveCfg = Release|x64
		{DD4FCE63-9112-467B-80DB-9BB507E75D3F}.Release|x64.Build.0 = Release|x64
		{DD4FCE63-9112-467B-80DB-9BB507E75D3F}.Release|x86.ActiveCfg = Release|Win32
		{DD4FCE63-9112-467B-80DB-9BB507E75D3F}.Release|x86.Build.0 = Release|Win32
		{C9EBE581-162A-4FCD-868A-C085DBF24EA4}.Debug|x64.ActiveCfg = Debug|x64
		{C9EBE581-162A-4FCD-868A-C085DBF24EA4}.Debug|x64.Build.0 = Debug|x64
		{C9EBE581-162A-4FCD-868A-C085DBF24EA4}.Debug|x86.ActiveCfg = Debug|Win32
		{C9EBE581-162A-4FCD-868A-C085DBF24EA4}.Debug|x86.Build.0 = Debug|Win32
		{C9EBE581-162A-4FCD-868A-C085DBF24EA4}.Release|x64.ActiveCfg = Release|x64
		{C9EBE581-162A-4FCD-868A-C085DBF24EA4}.Release|x64.Build.0 = Release|x64
		{C9EBE581-162A-4FCD-868A-C085DBF24EA4}.Release|x86.ActiveCfg = Release|Win32
		{C9EBE581-162A-4FCD-868A-C085DBF24EA4}.Release|x86.Build.0 = Release|Win32
	EndGlobalSection
	GlobalSection(SolutionProperties) = preSolution
		HideSolutionNode = FALSE
	EndGlobalSection
	GlobalSection(ExtensibilityGlobals) = postSolution
		SolutionGuid = {770D0F43-2336-4D5F-8CD1-7414CD49FE4C}
	EndGlobalSection
EndGlobal
