
Microsoft Visual Studio Solution File, Format Version 12.00
# Visual Studio Version 17
VisualStudioVersion = 17.14.36119.2
MinimumVisualStudioVersion = 10.0.40219.1
Project("{8BC9CEB8-8B4A-11D0-8D11-00A0C91BC942}") = "10-1", "10-1\10-1.vcxproj", "{1695025A-1DA9-4D09-ABC7-1A778FCA06B3}"
EndProject
Project("{8BC9CEB8-8B4A-11D0-8D11-00A0C91BC942}") = "10-2", "10-2\10-2.vcxproj", "{0B07D64F-A9FB-4A6B-9CCB-582855A7BB25}"
EndProject
Project("{8BC9CEB8-8B4A-11D0-8D11-00A0C91BC942}") = "10-3", "10-3\10-3.vcxproj", "{1ECEA8AC-9F3D-4D01-9ADE-A3A72CE75829}"
EndProject
Project("{8BC9CEB8-8B4A-11D0-8D11-00A0C91BC942}") = "10-4", "10-4\10-4.vcxproj", "{60D05636-3F7E-44F8-A342-AD88B63AB6E0}"
EndProject
Project("{8BC9CEB8-8B4A-11D0-8D11-00A0C91BC942}") = "10-5", "10-5\10-5.vcxproj", "{E217A6A4-87AF-4CE9-96C4-98C76A35868B}"
EndProject
Project("{8BC9CEB8-8B4A-11D0-8D11-00A0C91BC942}") = "10-6", "10-6\10-6.vcxproj", "{A71D5E7E-13B2-4185-A8F4-B754633EDAEB}"
EndProject
Project("{8BC9CEB8-8B4A-11D0-8D11-00A0C91BC942}") = "10-7", "10-7\10-7.vcxproj", "{B8BCBC1B-458F-4BF4-986C-F3CA9953BCD0}"
EndProject
Project("{8BC9CEB8-8B4A-11D0-8D11-00A0C91BC942}") = "10-8", "10-8\10-8.vcxproj", "{A928FEF1-0639-46AB-9935-CFEA215275A0}"
EndProject
Project("{8BC9CEB8-8B4A-11D0-8D11-00A0C91BC942}") = "10-9", "10-9\10-9.vcxproj", "{44C2BF20-2BF3-4BC2-9E5F-6012BE873CE7}"
EndProject
Project("{8BC9CEB8-8B4A-11D0-8D11-00A0C91BC942}") = "10-10", "10-10\10-10.vcxproj", "{EEA7CCF5-A8C8-4DAE-9313-C6A856E2B66B}"
EndProject
Project("{8BC9CEB8-8B4A-11D0-8D11-00A0C91BC942}") = "10-11", "10-11\10-11.vcxproj", "{38A5CCAF-AEAA-4569-89ED-B886B3FD0797}"
EndProject
Project("{8BC9CEB8-8B4A-11D0-8D11-00A0C91BC942}") = "10-12", "10-12\10-12.vcxproj", "{F447F446-0444-48A9-9BED-A34CFAA18C78}"
EndProject
Project("{8BC9CEB8-8B4A-11D0-8D11-00A0C91BC942}") = "10-13", "10-13\10-13.vcxproj", "{C963ADC5-D022-4BBE-B1D4-CC37C7BFA301}"
EndProject
Project("{8BC9CEB8-8B4A-11D0-8D11-00A0C91BC942}") = "10-14", "10-14\10-14.vcxproj", "{498DC575-F0A4-443A-B1E4-FB733DF6D4FC}"
EndProject
Project("{8BC9CEB8-8B4A-11D0-8D11-00A0C91BC942}") = "10-15", "10-15\10-15.vcxproj", "{4BF83094-DC3E-4716-A648-93EB73BA94BF}"
EndProject
Project("{8BC9CEB8-8B4A-11D0-8D11-00A0C91BC942}") = "10-16", "10-16\10-16.vcxproj", "{292B638A-DD68-49E0-BA01-490CDB7B93B4}"
EndProject
Global
	GlobalSection(SolutionConfigurationPlatforms) = preSolution
		Debug|x64 = Debug|x64
		Debug|x86 = Debug|x86
		Release|x64 = Release|x64
		Release|x86 = Release|x86
	EndGlobalSection
	GlobalSection(ProjectConfigurationPlatforms) = postSolution
		{1695025A-1DA9-4D09-ABC7-1A778FCA06B3}.Debug|x64.ActiveCfg = Debug|x64
		{1695025A-1DA9-4D09-ABC7-1A778FCA06B3}.Debug|x64.Build.0 = Debug|x64
		{1695025A-1DA9-4D09-ABC7-1A778FCA06B3}.Debug|x86.ActiveCfg = Debug|Win32
		{1695025A-1DA9-4D09-ABC7-1A778FCA06B3}.Debug|x86.Build.0 = Debug|Win32
		{1695025A-1DA9-4D09-ABC7-1A778FCA06B3}.Release|x64.ActiveCfg = Release|x64
		{1695025A-1DA9-4D09-ABC7-1A778FCA06B3}.Release|x64.Build.0 = Release|x64
		{1695025A-1DA9-4D09-ABC7-1A778FCA06B3}.Release|x86.ActiveCfg = Release|Win32
		{1695025A-1DA9-4D09-ABC7-1A778FCA06B3}.Release|x86.Build.0 = Release|Win32
		{0B07D64F-A9FB-4A6B-9CCB-582855A7BB25}.Debug|x64.ActiveCfg = Debug|x64
		{0B07D64F-A9FB-4A6B-9CCB-582855A7BB25}.Debug|x64.Build.0 = Debug|x64
		{0B07D64F-A9FB-4A6B-9CCB-582855A7BB25}.Debug|x86.ActiveCfg = Debug|Win32
		{0B07D64F-A9FB-4A6B-9CCB-582855A7BB25}.Debug|x86.Build.0 = Debug|Win32
		{0B07D64F-A9FB-4A6B-9CCB-582855A7BB25}.Release|x64.ActiveCfg = Release|x64
		{0B07D64F-A9FB-4A6B-9CCB-582855A7BB25}.Release|x64.Build.0 = Release|x64
		{0B07D64F-A9FB-4A6B-9CCB-582855A7BB25}.Release|x86.ActiveCfg = Release|Win32
		{0B07D64F-A9FB-4A6B-9CCB-582855A7BB25}.Release|x86.Build.0 = Release|Win32
		{1ECEA8AC-9F3D-4D01-9ADE-A3A72CE75829}.Debug|x64.ActiveCfg = Debug|x64
		{1ECEA8AC-9F3D-4D01-9ADE-A3A72CE75829}.Debug|x64.Build.0 = Debug|x64
		{1ECEA8AC-9F3D-4D01-9ADE-A3A72CE75829}.Debug|x86.ActiveCfg = Debug|Win32
		{1ECEA8AC-9F3D-4D01-9ADE-A3A72CE75829}.Debug|x86.Build.0 = Debug|Win32
		{1ECEA8AC-9F3D-4D01-9ADE-A3A72CE75829}.Release|x64.ActiveCfg = Release|x64
		{1ECEA8AC-9F3D-4D01-9ADE-A3A72CE75829}.Release|x64.Build.0 = Release|x64
		{1ECEA8AC-9F3D-4D01-9ADE-A3A72CE75829}.Release|x86.ActiveCfg = Release|Win32
		{1ECEA8AC-9F3D-4D01-9ADE-A3A72CE75829}.Release|x86.Build.0 = Release|Win32
		{60D05636-3F7E-44F8-A342-AD88B63AB6E0}.Debug|x64.ActiveCfg = Debug|x64
		{60D05636-3F7E-44F8-A342-AD88B63AB6E0}.Debug|x64.Build.0 = Debug|x64
		{60D05636-3F7E-44F8-A342-AD88B63AB6E0}.Debug|x86.ActiveCfg = Debug|Win32
		{60D05636-3F7E-44F8-A342-AD88B63AB6E0}.Debug|x86.Build.0 = Debug|Win32
		{60D05636-3F7E-44F8-A342-AD88B63AB6E0}.Release|x64.ActiveCfg = Release|x64
		{60D05636-3F7E-44F8-A342-AD88B63AB6E0}.Release|x64.Build.0 = Release|x64
		{60D05636-3F7E-44F8-A342-AD88B63AB6E0}.Release|x86.ActiveCfg = Release|Win32
		{60D05636-3F7E-44F8-A342-AD88B63AB6E0}.Release|x86.Build.0 = Release|Win32
		{E217A6A4-87AF-4CE9-96C4-98C76A35868B}.Debug|x64.ActiveCfg = Debug|x64
		{E217A6A4-87AF-4CE9-96C4-98C76A35868B}.Debug|x64.Build.0 = Debug|x64
		{E217A6A4-87AF-4CE9-96C4-98C76A35868B}.Debug|x86.ActiveCfg = Debug|Win32
		{E217A6A4-87AF-4CE9-96C4-98C76A35868B}.Debug|x86.Build.0 = Debug|Win32
		{E217A6A4-87AF-4CE9-96C4-98C76A35868B}.Release|x64.ActiveCfg = Release|x64
		{E217A6A4-87AF-4CE9-96C4-98C76A35868B}.Release|x64.Build.0 = Release|x64
		{E217A6A4-87AF-4CE9-96C4-98C76A35868B}.Release|x86.ActiveCfg = Release|Win32
		{E217A6A4-87AF-4CE9-96C4-98C76A35868B}.Release|x86.Build.0 = Release|Win32
		{A71D5E7E-13B2-4185-A8F4-B754633EDAEB}.Debug|x64.ActiveCfg = Debug|x64
		{A71D5E7E-13B2-4185-A8F4-B754633EDAEB}.Debug|x64.Build.0 = Debug|x64
		{A71D5E7E-13B2-4185-A8F4-B754633EDAEB}.Debug|x86.ActiveCfg = Debug|Win32
		{A71D5E7E-13B2-4185-A8F4-B754633EDAEB}.Debug|x86.Build.0 = Debug|Win32
		{A71D5E7E-13B2-4185-A8F4-B754633EDAEB}.Release|x64.ActiveCfg = Release|x64
		{A71D5E7E-13B2-4185-A8F4-B754633EDAEB}.Release|x64.Build.0 = Release|x64
		{A71D5E7E-13B2-4185-A8F4-B754633EDAEB}.Release|x86.ActiveCfg = Release|Win32
		{A71D5E7E-13B2-4185-A8F4-B754633EDAEB}.Release|x86.Build.0 = Release|Win32
		{B8BCBC1B-458F-4BF4-986C-F3CA9953BCD0}.Debug|x64.ActiveCfg = Debug|x64
		{B8BCBC1B-458F-4BF4-986C-F3CA9953BCD0}.Debug|x64.Build.0 = Debug|x64
		{B8BCBC1B-458F-4BF4-986C-F3CA9953BCD0}.Debug|x86.ActiveCfg = Debug|Win32
		{B8BCBC1B-458F-4BF4-986C-F3CA9953BCD0}.Debug|x86.Build.0 = Debug|Win32
		{B8BCBC1B-458F-4BF4-986C-F3CA9953BCD0}.Release|x64.ActiveCfg = Release|x64
		{B8BCBC1B-458F-4BF4-986C-F3CA9953BCD0}.Release|x64.Build.0 = Release|x64
		{B8BCBC1B-458F-4BF4-986C-F3CA9953BCD0}.Release|x86.ActiveCfg = Release|Win32
		{B8BCBC1B-458F-4BF4-986C-F3CA9953BCD0}.Release|x86.Build.0 = Release|Win32
		{A928FEF1-0639-46AB-9935-CFEA215275A0}.Debug|x64.ActiveCfg = Debug|x64
		{A928FEF1-0639-46AB-9935-CFEA215275A0}.Debug|x64.Build.0 = Debug|x64
		{A928FEF1-0639-46AB-9935-CFEA215275A0}.Debug|x86.ActiveCfg = Debug|Win32
		{A928FEF1-0639-46AB-9935-CFEA215275A0}.Debug|x86.Build.0 = Debug|Win32
		{A928FEF1-0639-46AB-9935-CFEA215275A0}.Release|x64.ActiveCfg = Release|x64
		{A928FEF1-0639-46AB-9935-CFEA215275A0}.Release|x64.Build.0 = Release|x64
		{A928FEF1-0639-46AB-9935-CFEA215275A0}.Release|x86.ActiveCfg = Release|Win32
		{A928FEF1-0639-46AB-9935-CFEA215275A0}.Release|x86.Build.0 = Release|Win32
		{44C2BF20-2BF3-4BC2-9E5F-6012BE873CE7}.Debug|x64.ActiveCfg = Debug|x64
		{44C2BF20-2BF3-4BC2-9E5F-6012BE873CE7}.Debug|x64.Build.0 = Debug|x64
		{44C2BF20-2BF3-4BC2-9E5F-6012BE873CE7}.Debug|x86.ActiveCfg = Debug|Win32
		{44C2BF20-2BF3-4BC2-9E5F-6012BE873CE7}.Debug|x86.Build.0 = Debug|Win32
		{44C2BF20-2BF3-4BC2-9E5F-6012BE873CE7}.Release|x64.ActiveCfg = Release|x64
		{44C2BF20-2BF3-4BC2-9E5F-6012BE873CE7}.Release|x64.Build.0 = Release|x64
		{44C2BF20-2BF3-4BC2-9E5F-6012BE873CE7}.Release|x86.ActiveCfg = Release|Win32
		{44C2BF20-2BF3-4BC2-9E5F-6012BE873CE7}.Release|x86.Build.0 = Release|Win32
		{EEA7CCF5-A8C8-4DAE-9313-C6A856E2B66B}.Debug|x64.ActiveCfg = Debug|x64
		{EEA7CCF5-A8C8-4DAE-9313-C6A856E2B66B}.Debug|x64.Build.0 = Debug|x64
		{EEA7CCF5-A8C8-4DAE-9313-C6A856E2B66B}.Debug|x86.ActiveCfg = Debug|Win32
		{EEA7CCF5-A8C8-4DAE-9313-C6A856E2B66B}.Debug|x86.Build.0 = Debug|Win32
		{EEA7CCF5-A8C8-4DAE-9313-C6A856E2B66B}.Release|x64.ActiveCfg = Release|x64
		{EEA7CCF5-A8C8-4DAE-9313-C6A856E2B66B}.Release|x64.Build.0 = Release|x64
		{EEA7CCF5-A8C8-4DAE-9313-C6A856E2B66B}.Release|x86.ActiveCfg = Release|Win32
		{EEA7CCF5-A8C8-4DAE-9313-C6A856E2B66B}.Release|x86.Build.0 = Release|Win32
		{38A5CCAF-AEAA-4569-89ED-B886B3FD0797}.Debug|x64.ActiveCfg = Debug|x64
		{38A5CCAF-AEAA-4569-89ED-B886B3FD0797}.Debug|x64.Build.0 = Debug|x64
		{38A5CCAF-AEAA-4569-89ED-B886B3FD0797}.Debug|x86.ActiveCfg = Debug|Win32
		{38A5CCAF-AEAA-4569-89ED-B886B3FD0797}.Debug|x86.Build.0 = Debug|Win32
		{38A5CCAF-AEAA-4569-89ED-B886B3FD0797}.Release|x64.ActiveCfg = Release|x64
		{38A5CCAF-AEAA-4569-89ED-B886B3FD0797}.Release|x64.Build.0 = Release|x64
		{38A5CCAF-AEAA-4569-89ED-B886B3FD0797}.Release|x86.ActiveCfg = Release|Win32
		{38A5CCAF-AEAA-4569-89ED-B886B3FD0797}.Release|x86.Build.0 = Release|Win32
		{F447F446-0444-48A9-9BED-A34CFAA18C78}.Debug|x64.ActiveCfg = Debug|x64
		{F447F446-0444-48A9-9BED-A34CFAA18C78}.Debug|x64.Build.0 = Debug|x64
		{F447F446-0444-48A9-9BED-A34CFAA18C78}.Debug|x86.ActiveCfg = Debug|Win32
		{F447F446-0444-48A9-9BED-A34CFAA18C78}.Debug|x86.Build.0 = Debug|Win32
		{F447F446-0444-48A9-9BED-A34CFAA18C78}.Release|x64.ActiveCfg = Release|x64
		{F447F446-0444-48A9-9BED-A34CFAA18C78}.Release|x64.Build.0 = Release|x64
		{F447F446-0444-48A9-9BED-A34CFAA18C78}.Release|x86.ActiveCfg = Release|Win32
		{F447F446-0444-48A9-9BED-A34CFAA18C78}.Release|x86.Build.0 = Release|Win32
		{C963ADC5-D022-4BBE-B1D4-CC37C7BFA301}.Debug|x64.ActiveCfg = Debug|x64
		{C963ADC5-D022-4BBE-B1D4-CC37C7BFA301}.Debug|x64.Build.0 = Debug|x64
		{C963ADC5-D022-4BBE-B1D4-CC37C7BFA301}.Debug|x86.ActiveCfg = Debug|Win32
		{C963ADC5-D022-4BBE-B1D4-CC37C7BFA301}.Debug|x86.Build.0 = Debug|Win32
		{C963ADC5-D022-4BBE-B1D4-CC37C7BFA301}.Release|x64.ActiveCfg = Release|x64
		{C963ADC5-D022-4BBE-B1D4-CC37C7BFA301}.Release|x64.Build.0 = Release|x64
		{C963ADC5-D022-4BBE-B1D4-CC37C7BFA301}.Release|x86.ActiveCfg = Release|Win32
		{C963ADC5-D022-4BBE-B1D4-CC37C7BFA301}.Release|x86.Build.0 = Release|Win32
		{498DC575-F0A4-443A-B1E4-FB733DF6D4FC}.Debug|x64.ActiveCfg = Debug|x64
		{498DC575-F0A4-443A-B1E4-FB733DF6D4FC}.Debug|x64.Build.0 = Debug|x64
		{498DC575-F0A4-443A-B1E4-FB733DF6D4FC}.Debug|x86.ActiveCfg = Debug|Win32
		{498DC575-F0A4-443A-B1E4-FB733DF6D4FC}.Debug|x86.Build.0 = Debug|Win32
		{498DC575-F0A4-443A-B1E4-FB733DF6D4FC}.Release|x64.ActiveCfg = Release|x64
		{498DC575-F0A4-443A-B1E4-FB733DF6D4FC}.Release|x64.Build.0 = Release|x64
		{498DC575-F0A4-443A-B1E4-FB733DF6D4FC}.Release|x86.ActiveCfg = Release|Win32
		{498DC575-F0A4-443A-B1E4-FB733DF6D4FC}.Release|x86.Build.0 = Release|Win32
		{4BF83094-DC3E-4716-A648-93EB73BA94BF}.Debug|x64.ActiveCfg = Debug|x64
		{4BF83094-DC3E-4716-A648-93EB73BA94BF}.Debug|x64.Build.0 = Debug|x64
		{4BF83094-DC3E-4716-A648-93EB73BA94BF}.Debug|x86.ActiveCfg = Debug|Win32
		{4BF83094-DC3E-4716-A648-93EB73BA94BF}.Debug|x86.Build.0 = Debug|Win32
		{4BF83094-DC3E-4716-A648-93EB73BA94BF}.Release|x64.ActiveCfg = Release|x64
		{4BF83094-DC3E-4716-A648-93EB73BA94BF}.Release|x64.Build.0 = Release|x64
		{4BF83094-DC3E-4716-A648-93EB73BA94BF}.Release|x86.ActiveCfg = Release|Win32
		{4BF83094-DC3E-4716-A648-93EB73BA94BF}.Release|x86.Build.0 = Release|Win32
		{292B638A-DD68-49E0-BA01-490CDB7B93B4}.Debug|x64.ActiveCfg = Debug|x64
		{292B638A-DD68-49E0-BA01-490CDB7B93B4}.Debug|x64.Build.0 = Debug|x64
		{292B638A-DD68-49E0-BA01-490CDB7B93B4}.Debug|x86.ActiveCfg = Debug|Win32
		{292B638A-DD68-49E0-BA01-490CDB7B93B4}.Debug|x86.Build.0 = Debug|Win32
		{292B638A-DD68-49E0-BA01-490CDB7B93B4}.Release|x64.ActiveCfg = Release|x64
		{292B638A-DD68-49E0-BA01-490CDB7B93B4}.Release|x64.Build.0 = Release|x64
		{292B638A-DD68-49E0-BA01-490CDB7B93B4}.Release|x86.ActiveCfg = Release|Win32
		{292B638A-DD68-49E0-BA01-490CDB7B93B4}.Release|x86.Build.0 = Release|Win32
	EndGlobalSection
	GlobalSection(SolutionProperties) = preSolution
		HideSolutionNode = FALSE
	EndGlobalSection
	GlobalSection(ExtensibilityGlobals) = postSolution
		SolutionGuid = {4CE18C71-830E-4152-965A-90F839BAA537}
	EndGlobalSection
EndGlobal
