
Microsoft Visual Studio Solution File, Format Version 12.00
# Visual Studio Version 17
VisualStudioVersion = 17.13.35931.197
MinimumVisualStudioVersion = 10.0.40219.1
Project("{8BC9CEB8-8B4A-11D0-8D11-00A0C91BC942}") = "9-1", "9-1\9-1.vcxproj", "{0F0A209B-2965-44DC-B280-F3B97D8CDC6D}"
EndProject
Project("{8BC9CEB8-8B4A-11D0-8D11-00A0C91BC942}") = "9-2", "9-2\9-2.vcxproj", "{BF2508B0-FFD0-4710-9894-80D22F267190}"
EndProject
Project("{8BC9CEB8-8B4A-11D0-8D11-00A0C91BC942}") = "9-3", "9-3\9-3.vcxproj", "{31D989DC-EE0A-411D-9C56-CB04914E7A20}"
EndProject
Project("{8BC9CEB8-8B4A-11D0-8D11-00A0C91BC942}") = "9-4", "3-4\3-4.vcxproj", "{163C27CD-FC16-45C4-BBEF-D7B199241529}"
EndProject
Project("{8BC9CEB8-8B4A-11D0-8D11-00A0C91BC942}") = "9-5", "9-5\9-5.vcxproj", "{39E69D6E-EDB0-4010-8CCF-1771E3359412}"
EndProject
Project("{8BC9CEB8-8B4A-11D0-8D11-00A0C91BC942}") = "9-6", "9-6\9-6.vcxproj", "{E2E573ED-61B4-4F81-AD86-28D73CDB65E1}"
EndProject
Project("{8BC9CEB8-8B4A-11D0-8D11-00A0C91BC942}") = "9-7", "9-7\9-7.vcxproj", "{8096214A-58B8-499D-930F-B795B8043236}"
EndProject
Project("{8BC9CEB8-8B4A-11D0-8D11-00A0C91BC942}") = "9-8", "9-8\9-8.vcxproj", "{304B569F-7A3D-4420-899C-D50C24BEC4AD}"
EndProject
Project("{8BC9CEB8-8B4A-11D0-8D11-00A0C91BC942}") = "9-9", "9-9\9-9.vcxproj", "{4B15B2DD-B451-4169-9103-F89EAA9E0DF2}"
EndProject
Project("{8BC9CEB8-8B4A-11D0-8D11-00A0C91BC942}") = "9-10", "9-10\9-10.vcxproj", "{FFF91AE1-483A-4FC1-A673-381C09444DBE}"
EndProject
Global
	GlobalSection(SolutionConfigurationPlatforms) = preSolution
		Debug|x64 = Debug|x64
		Debug|x86 = Debug|x86
		Release|x64 = Release|x64
		Release|x86 = Release|x86
	EndGlobalSection
	GlobalSection(ProjectConfigurationPlatforms) = postSolution
		{0F0A209B-2965-44DC-B280-F3B97D8CDC6D}.Debug|x64.ActiveCfg = Debug|x64
		{0F0A209B-2965-44DC-B280-F3B97D8CDC6D}.Debug|x64.Build.0 = Debug|x64
		{0F0A209B-2965-44DC-B280-F3B97D8CDC6D}.Debug|x86.ActiveCfg = Debug|Win32
		{0F0A209B-2965-44DC-B280-F3B97D8CDC6D}.Debug|x86.Build.0 = Debug|Win32
		{0F0A209B-2965-44DC-B280-F3B97D8CDC6D}.Release|x64.ActiveCfg = Release|x64
		{0F0A209B-2965-44DC-B280-F3B97D8CDC6D}.Release|x64.Build.0 = Release|x64
		{0F0A209B-2965-44DC-B280-F3B97D8CDC6D}.Release|x86.ActiveCfg = Release|Win32
		{0F0A209B-2965-44DC-B280-F3B97D8CDC6D}.Release|x86.Build.0 = Release|Win32
		{BF2508B0-FFD0-4710-9894-80D22F267190}.Debug|x64.ActiveCfg = Debug|x64
		{BF2508B0-FFD0-4710-9894-80D22F267190}.Debug|x64.Build.0 = Debug|x64
		{BF2508B0-FFD0-4710-9894-80D22F267190}.Debug|x86.ActiveCfg = Debug|Win32
		{BF2508B0-FFD0-4710-9894-80D22F267190}.Debug|x86.Build.0 = Debug|Win32
		{BF2508B0-FFD0-4710-9894-80D22F267190}.Release|x64.ActiveCfg = Release|x64
		{BF2508B0-FFD0-4710-9894-80D22F267190}.Release|x64.Build.0 = Release|x64
		{BF2508B0-FFD0-4710-9894-80D22F267190}.Release|x86.ActiveCfg = Release|Win32
		{BF2508B0-FFD0-4710-9894-80D22F267190}.Release|x86.Build.0 = Release|Win32
		{31D989DC-EE0A-411D-9C56-CB04914E7A20}.Debug|x64.ActiveCfg = Debug|x64
		{31D989DC-EE0A-411D-9C56-CB04914E7A20}.Debug|x64.Build.0 = Debug|x64
		{31D989DC-EE0A-411D-9C56-CB04914E7A20}.Debug|x86.ActiveCfg = Debug|Win32
		{31D989DC-EE0A-411D-9C56-CB04914E7A20}.Debug|x86.Build.0 = Debug|Win32
		{31D989DC-EE0A-411D-9C56-CB04914E7A20}.Release|x64.ActiveCfg = Release|x64
		{31D989DC-EE0A-411D-9C56-CB04914E7A20}.Release|x64.Build.0 = Release|x64
		{31D989DC-EE0A-411D-9C56-CB04914E7A20}.Release|x86.ActiveCfg = Release|Win32
		{31D989DC-EE0A-411D-9C56-CB04914E7A20}.Release|x86.Build.0 = Release|Win32
		{163C27CD-FC16-45C4-BBEF-D7B199241529}.Debug|x64.ActiveCfg = Debug|x64
		{163C27CD-FC16-45C4-BBEF-D7B199241529}.Debug|x64.Build.0 = Debug|x64
		{163C27CD-FC16-45C4-BBEF-D7B199241529}.Debug|x86.ActiveCfg = Debug|Win32
		{163C27CD-FC16-45C4-BBEF-D7B199241529}.Debug|x86.Build.0 = Debug|Win32
		{163C27CD-FC16-45C4-BBEF-D7B199241529}.Release|x64.ActiveCfg = Release|x64
		{163C27CD-FC16-45C4-BBEF-D7B199241529}.Release|x64.Build.0 = Release|x64
		{163C27CD-FC16-45C4-BBEF-D7B199241529}.Release|x86.ActiveCfg = Release|Win32
		{163C27CD-FC16-45C4-BBEF-D7B199241529}.Release|x86.Build.0 = Release|Win32
		{39E69D6E-EDB0-4010-8CCF-1771E3359412}.Debug|x64.ActiveCfg = Debug|x64
		{39E69D6E-EDB0-4010-8CCF-1771E3359412}.Debug|x64.Build.0 = Debug|x64
		{39E69D6E-EDB0-4010-8CCF-1771E3359412}.Debug|x86.ActiveCfg = Debug|Win32
		{39E69D6E-EDB0-4010-8CCF-1771E3359412}.Debug|x86.Build.0 = Debug|Win32
		{39E69D6E-EDB0-4010-8CCF-1771E3359412}.Release|x64.ActiveCfg = Release|x64
		{39E69D6E-EDB0-4010-8CCF-1771E3359412}.Release|x64.Build.0 = Release|x64
		{39E69D6E-EDB0-4010-8CCF-1771E3359412}.Release|x86.ActiveCfg = Release|Win32
		{39E69D6E-EDB0-4010-8CCF-1771E3359412}.Release|x86.Build.0 = Release|Win32
		{E2E573ED-61B4-4F81-AD86-28D73CDB65E1}.Debug|x64.ActiveCfg = Debug|x64
		{E2E573ED-61B4-4F81-AD86-28D73CDB65E1}.Debug|x64.Build.0 = Debug|x64
		{E2E573ED-61B4-4F81-AD86-28D73CDB65E1}.Debug|x86.ActiveCfg = Debug|Win32
		{E2E573ED-61B4-4F81-AD86-28D73CDB65E1}.Debug|x86.Build.0 = Debug|Win32
		{E2E573ED-61B4-4F81-AD86-28D73CDB65E1}.Release|x64.ActiveCfg = Release|x64
		{E2E573ED-61B4-4F81-AD86-28D73CDB65E1}.Release|x64.Build.0 = Release|x64
		{E2E573ED-61B4-4F81-AD86-28D73CDB65E1}.Release|x86.ActiveCfg = Release|Win32
		{E2E573ED-61B4-4F81-AD86-28D73CDB65E1}.Release|x86.Build.0 = Release|Win32
		{8096214A-58B8-499D-930F-B795B8043236}.Debug|x64.ActiveCfg = Debug|x64
		{8096214A-58B8-499D-930F-B795B8043236}.Debug|x64.Build.0 = Debug|x64
		{8096214A-58B8-499D-930F-B795B8043236}.Debug|x86.ActiveCfg = Debug|Win32
		{8096214A-58B8-499D-930F-B795B8043236}.Debug|x86.Build.0 = Debug|Win32
		{8096214A-58B8-499D-930F-B795B8043236}.Release|x64.ActiveCfg = Release|x64
		{8096214A-58B8-499D-930F-B795B8043236}.Release|x64.Build.0 = Release|x64
		{8096214A-58B8-499D-930F-B795B8043236}.Release|x86.ActiveCfg = Release|Win32
		{8096214A-58B8-499D-930F-B795B8043236}.Release|x86.Build.0 = Release|Win32
		{304B569F-7A3D-4420-899C-D50C24BEC4AD}.Debug|x64.ActiveCfg = Debug|x64
		{304B569F-7A3D-4420-899C-D50C24BEC4AD}.Debug|x64.Build.0 = Debug|x64
		{304B569F-7A3D-4420-899C-D50C24BEC4AD}.Debug|x86.ActiveCfg = Debug|Win32
		{304B569F-7A3D-4420-899C-D50C24BEC4AD}.Debug|x86.Build.0 = Debug|Win32
		{304B569F-7A3D-4420-899C-D50C24BEC4AD}.Release|x64.ActiveCfg = Release|x64
		{304B569F-7A3D-4420-899C-D50C24BEC4AD}.Release|x64.Build.0 = Release|x64
		{304B569F-7A3D-4420-899C-D50C24BEC4AD}.Release|x86.ActiveCfg = Release|Win32
		{304B569F-7A3D-4420-899C-D50C24BEC4AD}.Release|x86.Build.0 = Release|Win32
		{4B15B2DD-B451-4169-9103-F89EAA9E0DF2}.Debug|x64.ActiveCfg = Debug|x64
		{4B15B2DD-B451-4169-9103-F89EAA9E0DF2}.Debug|x64.Build.0 = Debug|x64
		{4B15B2DD-B451-4169-9103-F89EAA9E0DF2}.Debug|x86.ActiveCfg = Debug|Win32
		{4B15B2DD-B451-4169-9103-F89EAA9E0DF2}.Debug|x86.Build.0 = Debug|Win32
		{4B15B2DD-B451-4169-9103-F89EAA9E0DF2}.Release|x64.ActiveCfg = Release|x64
		{4B15B2DD-B451-4169-9103-F89EAA9E0DF2}.Release|x64.Build.0 = Release|x64
		{4B15B2DD-B451-4169-9103-F89EAA9E0DF2}.Release|x86.ActiveCfg = Release|Win32
		{4B15B2DD-B451-4169-9103-F89EAA9E0DF2}.Release|x86.Build.0 = Release|Win32
		{FFF91AE1-483A-4FC1-A673-381C09444DBE}.Debug|x64.ActiveCfg = Debug|x64
		{FFF91AE1-483A-4FC1-A673-381C09444DBE}.Debug|x64.Build.0 = Debug|x64
		{FFF91AE1-483A-4FC1-A673-381C09444DBE}.Debug|x86.ActiveCfg = Debug|Win32
		{FFF91AE1-483A-4FC1-A673-381C09444DBE}.Debug|x86.Build.0 = Debug|Win32
		{FFF91AE1-483A-4FC1-A673-381C09444DBE}.Release|x64.ActiveCfg = Release|x64
		{FFF91AE1-483A-4FC1-A673-381C09444DBE}.Release|x64.Build.0 = Release|x64
		{FFF91AE1-483A-4FC1-A673-381C09444DBE}.Release|x86.ActiveCfg = Release|Win32
		{FFF91AE1-483A-4FC1-A673-381C09444DBE}.Release|x86.Build.0 = Release|Win32
	EndGlobalSection
	GlobalSection(SolutionProperties) = preSolution
		HideSolutionNode = FALSE
	EndGlobalSection
	GlobalSection(ExtensibilityGlobals) = postSolution
		SolutionGuid = {509A90C1-2C08-4A73-8B63-7D0215CEF525}
	EndGlobalSection
EndGlobal
