
Microsoft Visual Studio Solution File, Format Version 12.00
# Visual Studio Version 17
VisualStudioVersion = 17.13.35919.96
MinimumVisualStudioVersion = 10.0.40219.1
Project("{8BC9CEB8-8B4A-11D0-8D11-00A0C91BC942}") = "6-1.1", "6-1.1\6-1.1.vcxproj", "{46BCBDE8-76A3-4F57-A70A-05A35063DAA3}"
EndProject
Project("{8BC9CEB8-8B4A-11D0-8D11-00A0C91BC942}") = "6-1.2", "6-1.2\6-1.2.vcxproj", "{9D9BBCE9-F851-4306-9DE7-0FA82AF299EF}"
EndProject
Project("{8BC9CEB8-8B4A-11D0-8D11-00A0C91BC942}") = "6-2.1", "6-2.1\6-2.1.vcxproj", "{6C06C8B7-D542-4AC0-9905-FAB4DE20EDEA}"
EndProject
Project("{8BC9CEB8-8B4A-11D0-8D11-00A0C91BC942}") = "6-2.2", "6-2.2\6-2.2.vcxproj", "{31710B2B-8CBB-4355-9F02-8A11ABF67EE8}"
EndProject
Project("{8BC9CEB8-8B4A-11D0-8D11-00A0C91BC942}") = "6-3.1", "6-3.1\6-3.1.vcxproj", "{CC93E299-E220-4DD5-8325-D4D4967988D0}"
EndProject
Project("{8BC9CEB8-8B4A-11D0-8D11-00A0C91BC942}") = "6-3.2", "6-3.2\6-3.2.vcxproj", "{78924EDE-EFDC-45D3-A462-C4402CECB86C}"
EndProject
Project("{8BC9CEB8-8B4A-11D0-8D11-00A0C91BC942}") = "6-4", "6-4\6-4.vcxproj", "{42268D3E-6E4F-41EA-B761-CB9C14D28A28}"
EndProject
Project("{8BC9CEB8-8B4A-11D0-8D11-00A0C91BC942}") = "6-5", "6-5\6-5.vcxproj", "{7F2CBE93-DA24-4B5C-9BD2-17BA2436B9D6}"
EndProject
Project("{8BC9CEB8-8B4A-11D0-8D11-00A0C91BC942}") = "6-6", "6-6\6-6.vcxproj", "{3409F694-5791-45A0-B2F2-D280A2BB9657}"
EndProject
Project("{8BC9CEB8-8B4A-11D0-8D11-00A0C91BC942}") = "6-7", "6-7\6-7.vcxproj", "{C6934B46-2BE0-45A8-BF9B-0283E0FBC9DA}"
EndProject
Project("{8BC9CEB8-8B4A-11D0-8D11-00A0C91BC942}") = "6-8", "6-8\6-8.vcxproj", "{096C786C-9238-40E4-9CA0-DE0058817D64}"
EndProject
Project("{8BC9CEB8-8B4A-11D0-8D11-00A0C91BC942}") = "6-9", "6-9\6-9.vcxproj", "{DAD06058-8036-417E-9601-913AABAF5AA3}"
EndProject
Global
	GlobalSection(SolutionConfigurationPlatforms) = preSolution
		Debug|x64 = Debug|x64
		Debug|x86 = Debug|x86
		Release|x64 = Release|x64
		Release|x86 = Release|x86
	EndGlobalSection
	GlobalSection(ProjectConfigurationPlatforms) = postSolution
		{46BCBDE8-76A3-4F57-A70A-05A35063DAA3}.Debug|x64.ActiveCfg = Debug|x64
		{46BCBDE8-76A3-4F57-A70A-05A35063DAA3}.Debug|x64.Build.0 = Debug|x64
		{46BCBDE8-76A3-4F57-A70A-05A35063DAA3}.Debug|x86.ActiveCfg = Debug|Win32
		{46BCBDE8-76A3-4F57-A70A-05A35063DAA3}.Debug|x86.Build.0 = Debug|Win32
		{46BCBDE8-76A3-4F57-A70A-05A35063DAA3}.Release|x64.ActiveCfg = Release|x64
		{46BCBDE8-76A3-4F57-A70A-05A35063DAA3}.Release|x64.Build.0 = Release|x64
		{46BCBDE8-76A3-4F57-A70A-05A35063DAA3}.Release|x86.ActiveCfg = Release|Win32
		{46BCBDE8-76A3-4F57-A70A-05A35063DAA3}.Release|x86.Build.0 = Release|Win32
		{9D9BBCE9-F851-4306-9DE7-0FA82AF299EF}.Debug|x64.ActiveCfg = Debug|x64
		{9D9BBCE9-F851-4306-9DE7-0FA82AF299EF}.Debug|x64.Build.0 = Debug|x64
		{9D9BBCE9-F851-4306-9DE7-0FA82AF299EF}.Debug|x86.ActiveCfg = Debug|Win32
		{9D9BBCE9-F851-4306-9DE7-0FA82AF299EF}.Debug|x86.Build.0 = Debug|Win32
		{9D9BBCE9-F851-4306-9DE7-0FA82AF299EF}.Release|x64.ActiveCfg = Release|x64
		{9D9BBCE9-F851-4306-9DE7-0FA82AF299EF}.Release|x64.Build.0 = Release|x64
		{9D9BBCE9-F851-4306-9DE7-0FA82AF299EF}.Release|x86.ActiveCfg = Release|Win32
		{9D9BBCE9-F851-4306-9DE7-0FA82AF299EF}.Release|x86.Build.0 = Release|Win32
		{6C06C8B7-D542-4AC0-9905-FAB4DE20EDEA}.Debug|x64.ActiveCfg = Debug|x64
		{6C06C8B7-D542-4AC0-9905-FAB4DE20EDEA}.Debug|x64.Build.0 = Debug|x64
		{6C06C8B7-D542-4AC0-9905-FAB4DE20EDEA}.Debug|x86.ActiveCfg = Debug|Win32
		{6C06C8B7-D542-4AC0-9905-FAB4DE20EDEA}.Debug|x86.Build.0 = Debug|Win32
		{6C06C8B7-D542-4AC0-9905-FAB4DE20EDEA}.Release|x64.ActiveCfg = Release|x64
		{6C06C8B7-D542-4AC0-9905-FAB4DE20EDEA}.Release|x64.Build.0 = Release|x64
		{6C06C8B7-D542-4AC0-9905-FAB4DE20EDEA}.Release|x86.ActiveCfg = Release|Win32
		{6C06C8B7-D542-4AC0-9905-FAB4DE20EDEA}.Release|x86.Build.0 = Release|Win32
		{31710B2B-8CBB-4355-9F02-8A11ABF67EE8}.Debug|x64.ActiveCfg = Debug|x64
		{31710B2B-8CBB-4355-9F02-8A11ABF67EE8}.Debug|x64.Build.0 = Debug|x64
		{31710B2B-8CBB-4355-9F02-8A11ABF67EE8}.Debug|x86.ActiveCfg = Debug|Win32
		{31710B2B-8CBB-4355-9F02-8A11ABF67EE8}.Debug|x86.Build.0 = Debug|Win32
		{31710B2B-8CBB-4355-9F02-8A11ABF67EE8}.Release|x64.ActiveCfg = Release|x64
		{31710B2B-8CBB-4355-9F02-8A11ABF67EE8}.Release|x64.Build.0 = Release|x64
		{31710B2B-8CBB-4355-9F02-8A11ABF67EE8}.Release|x86.ActiveCfg = Release|Win32
		{31710B2B-8CBB-4355-9F02-8A11ABF67EE8}.Release|x86.Build.0 = Release|Win32
		{CC93E299-E220-4DD5-8325-D4D4967988D0}.Debug|x64.ActiveCfg = Debug|x64
		{CC93E299-E220-4DD5-8325-D4D4967988D0}.Debug|x64.Build.0 = Debug|x64
		{CC93E299-E220-4DD5-8325-D4D4967988D0}.Debug|x86.ActiveCfg = Debug|Win32
		{CC93E299-E220-4DD5-8325-D4D4967988D0}.Debug|x86.Build.0 = Debug|Win32
		{CC93E299-E220-4DD5-8325-D4D4967988D0}.Release|x64.ActiveCfg = Release|x64
		{CC93E299-E220-4DD5-8325-D4D4967988D0}.Release|x64.Build.0 = Release|x64
		{CC93E299-E220-4DD5-8325-D4D4967988D0}.Release|x86.ActiveCfg = Release|Win32
		{CC93E299-E220-4DD5-8325-D4D4967988D0}.Release|x86.Build.0 = Release|Win32
		{78924EDE-EFDC-45D3-A462-C4402CECB86C}.Debug|x64.ActiveCfg = Debug|x64
		{78924EDE-EFDC-45D3-A462-C4402CECB86C}.Debug|x64.Build.0 = Debug|x64
		{78924EDE-EFDC-45D3-A462-C4402CECB86C}.Debug|x86.ActiveCfg = Debug|Win32
		{78924EDE-EFDC-45D3-A462-C4402CECB86C}.Debug|x86.Build.0 = Debug|Win32
		{78924EDE-EFDC-45D3-A462-C4402CECB86C}.Release|x64.ActiveCfg = Release|x64
		{78924EDE-EFDC-45D3-A462-C4402CECB86C}.Release|x64.Build.0 = Release|x64
		{78924EDE-EFDC-45D3-A462-C4402CECB86C}.Release|x86.ActiveCfg = Release|Win32
		{78924EDE-EFDC-45D3-A462-C4402CECB86C}.Release|x86.Build.0 = Release|Win32
		{42268D3E-6E4F-41EA-B761-CB9C14D28A28}.Debug|x64.ActiveCfg = Debug|x64
		{42268D3E-6E4F-41EA-B761-CB9C14D28A28}.Debug|x64.Build.0 = Debug|x64
		{42268D3E-6E4F-41EA-B761-CB9C14D28A28}.Debug|x86.ActiveCfg = Debug|Win32
		{42268D3E-6E4F-41EA-B761-CB9C14D28A28}.Debug|x86.Build.0 = Debug|Win32
		{42268D3E-6E4F-41EA-B761-CB9C14D28A28}.Release|x64.ActiveCfg = Release|x64
		{42268D3E-6E4F-41EA-B761-CB9C14D28A28}.Release|x64.Build.0 = Release|x64
		{42268D3E-6E4F-41EA-B761-CB9C14D28A28}.Release|x86.ActiveCfg = Release|Win32
		{42268D3E-6E4F-41EA-B761-CB9C14D28A28}.Release|x86.Build.0 = Release|Win32
		{7F2CBE93-DA24-4B5C-9BD2-17BA2436B9D6}.Debug|x64.ActiveCfg = Debug|x64
		{7F2CBE93-DA24-4B5C-9BD2-17BA2436B9D6}.Debug|x64.Build.0 = Debug|x64
		{7F2CBE93-DA24-4B5C-9BD2-17BA2436B9D6}.Debug|x86.ActiveCfg = Debug|Win32
		{7F2CBE93-DA24-4B5C-9BD2-17BA2436B9D6}.Debug|x86.Build.0 = Debug|Win32
		{7F2CBE93-DA24-4B5C-9BD2-17BA2436B9D6}.Release|x64.ActiveCfg = Release|x64
		{7F2CBE93-DA24-4B5C-9BD2-17BA2436B9D6}.Release|x64.Build.0 = Release|x64
		{7F2CBE93-DA24-4B5C-9BD2-17BA2436B9D6}.Release|x86.ActiveCfg = Release|Win32
		{7F2CBE93-DA24-4B5C-9BD2-17BA2436B9D6}.Release|x86.Build.0 = Release|Win32
		{3409F694-5791-45A0-B2F2-D280A2BB9657}.Debug|x64.ActiveCfg = Debug|x64
		{3409F694-5791-45A0-B2F2-D280A2BB9657}.Debug|x64.Build.0 = Debug|x64
		{3409F694-5791-45A0-B2F2-D280A2BB9657}.Debug|x86.ActiveCfg = Debug|Win32
		{3409F694-5791-45A0-B2F2-D280A2BB9657}.Debug|x86.Build.0 = Debug|Win32
		{3409F694-5791-45A0-B2F2-D280A2BB9657}.Release|x64.ActiveCfg = Release|x64
		{3409F694-5791-45A0-B2F2-D280A2BB9657}.Release|x64.Build.0 = Release|x64
		{3409F694-5791-45A0-B2F2-D280A2BB9657}.Release|x86.ActiveCfg = Release|Win32
		{3409F694-5791-45A0-B2F2-D280A2BB9657}.Release|x86.Build.0 = Release|Win32
		{C6934B46-2BE0-45A8-BF9B-0283E0FBC9DA}.Debug|x64.ActiveCfg = Debug|x64
		{C6934B46-2BE0-45A8-BF9B-0283E0FBC9DA}.Debug|x64.Build.0 = Debug|x64
		{C6934B46-2BE0-45A8-BF9B-0283E0FBC9DA}.Debug|x86.ActiveCfg = Debug|Win32
		{C6934B46-2BE0-45A8-BF9B-0283E0FBC9DA}.Debug|x86.Build.0 = Debug|Win32
		{C6934B46-2BE0-45A8-BF9B-0283E0FBC9DA}.Release|x64.ActiveCfg = Release|x64
		{C6934B46-2BE0-45A8-BF9B-0283E0FBC9DA}.Release|x64.Build.0 = Release|x64
		{C6934B46-2BE0-45A8-BF9B-0283E0FBC9DA}.Release|x86.ActiveCfg = Release|Win32
		{C6934B46-2BE0-45A8-BF9B-0283E0FBC9DA}.Release|x86.Build.0 = Release|Win32
		{096C786C-9238-40E4-9CA0-DE0058817D64}.Debug|x64.ActiveCfg = Debug|x64
		{096C786C-9238-40E4-9CA0-DE0058817D64}.Debug|x64.Build.0 = Debug|x64
		{096C786C-9238-40E4-9CA0-DE0058817D64}.Debug|x86.ActiveCfg = Debug|Win32
		{096C786C-9238-40E4-9CA0-DE0058817D64}.Debug|x86.Build.0 = Debug|Win32
		{096C786C-9238-40E4-9CA0-DE0058817D64}.Release|x64.ActiveCfg = Release|x64
		{096C786C-9238-40E4-9CA0-DE0058817D64}.Release|x64.Build.0 = Release|x64
		{096C786C-9238-40E4-9CA0-DE0058817D64}.Release|x86.ActiveCfg = Release|Win32
		{096C786C-9238-40E4-9CA0-DE0058817D64}.Release|x86.Build.0 = Release|Win32
		{DAD06058-8036-417E-9601-913AABAF5AA3}.Debug|x64.ActiveCfg = Debug|x64
		{DAD06058-8036-417E-9601-913AABAF5AA3}.Debug|x64.Build.0 = Debug|x64
		{DAD06058-8036-417E-9601-913AABAF5AA3}.Debug|x86.ActiveCfg = Debug|Win32
		{DAD06058-8036-417E-9601-913AABAF5AA3}.Debug|x86.Build.0 = Debug|Win32
		{DAD06058-8036-417E-9601-913AABAF5AA3}.Release|x64.ActiveCfg = Release|x64
		{DAD06058-8036-417E-9601-913AABAF5AA3}.Release|x64.Build.0 = Release|x64
		{DAD06058-8036-417E-9601-913AABAF5AA3}.Release|x86.ActiveCfg = Release|Win32
		{DAD06058-8036-417E-9601-913AABAF5AA3}.Release|x86.Build.0 = Release|Win32
	EndGlobalSection
	GlobalSection(SolutionProperties) = preSolution
		HideSolutionNode = FALSE
	EndGlobalSection
	GlobalSection(ExtensibilityGlobals) = postSolution
		SolutionGuid = {1F9F171F-DCA5-4745-82E4-D6334457696E}
	EndGlobalSection
EndGlobal
