
Microsoft Visual Studio Solution File, Format Version 12.00
# Visual Studio Version 17
VisualStudioVersion = 17.13.35913.81 d17.13
MinimumVisualStudioVersion = 10.0.40219.1
Project("{8BC9CEB8-8B4A-11D0-8D11-00A0C91BC942}") = "3-10.1", "3-10.1.vcxproj", "{5C0635B6-2736-4CF8-BA50-7988F76CFD2E}"
EndProject
Global
	GlobalSection(SolutionConfigurationPlatforms) = preSolution
		Debug|x64 = Debug|x64
		Debug|x86 = Debug|x86
		Release|x64 = Release|x64
		Release|x86 = Release|x86
	EndGlobalSection
	GlobalSection(ProjectConfigurationPlatforms) = postSolution
		{5C0635B6-2736-4CF8-BA50-7988F76CFD2E}.Debug|x64.ActiveCfg = Debug|x64
		{5C0635B6-2736-4CF8-BA50-7988F76CFD2E}.Debug|x64.Build.0 = Debug|x64
		{5C0635B6-2736-4CF8-BA50-7988F76CFD2E}.Debug|x86.ActiveCfg = Debug|Win32
		{5C0635B6-2736-4CF8-BA50-7988F76CFD2E}.Debug|x86.Build.0 = Debug|Win32
		{5C0635B6-2736-4CF8-BA50-7988F76CFD2E}.Release|x64.ActiveCfg = Release|x64
		{5C0635B6-2736-4CF8-BA50-7988F76CFD2E}.Release|x64.Build.0 = Release|x64
		{5C0635B6-2736-4CF8-BA50-7988F76CFD2E}.Release|x86.ActiveCfg = Release|Win32
		{5C0635B6-2736-4CF8-BA50-7988F76CFD2E}.Release|x86.Build.0 = Release|Win32
	EndGlobalSection
	GlobalSection(SolutionProperties) = preSolution
		HideSolutionNode = FALSE
	EndGlobalSection
	GlobalSection(ExtensibilityGlobals) = postSolution
		SolutionGuid = {55ECD984-81CA-46D8-89D0-95421F0F063F}
	EndGlobalSection
EndGlobal
