
Microsoft Visual Studio Solution File, Format Version 12.00
# Visual Studio Version 17
VisualStudioVersion = 17.13.35931.197
MinimumVisualStudioVersion = 10.0.40219.1
Project("{8BC9CEB8-8B4A-11D0-8D11-00A0C91BC942}") = "8-1", "8-1\8-1.vcxproj", "{FE545716-9009-4621-A53C-C647EB78B7AF}"
EndProject
Project("{8BC9CEB8-8B4A-11D0-8D11-00A0C91BC942}") = "8-2", "8-2\8-2.vcxproj", "{92F60737-34DD-4BC8-BEA2-ACA81AF4F53B}"
EndProject
Project("{8BC9CEB8-8B4A-11D0-8D11-00A0C91BC942}") = "8-3", "8-3\8-3.vcxproj", "{9B6E39AF-74D9-478D-99EE-8490819F5EB6}"
EndProject
Project("{8BC9CEB8-8B4A-11D0-8D11-00A0C91BC942}") = "8-4", "8-4\8-4.vcxproj", "{0C61FAE5-BF0D-4390-B905-DB2740499DC5}"
EndProject
Project("{8BC9CEB8-8B4A-11D0-8D11-00A0C91BC942}") = "8-5", "8-5\8-5.vcxproj", "{2A72F207-85CD-4BEE-91B1-A071C9D4FABE}"
EndProject
Project("{8BC9CEB8-8B4A-11D0-8D11-00A0C91BC942}") = "8-6", "8-6\8-6.vcxproj", "{D6A9275F-354F-48AB-A1ED-377EFB2398D2}"
EndProject
Project("{8BC9CEB8-8B4A-11D0-8D11-00A0C91BC942}") = "8-7", "8-7\8-7.vcxproj", "{338215B6-C3CB-4743-A619-E6AA6FACB782}"
EndProject
Project("{8BC9CEB8-8B4A-11D0-8D11-00A0C91BC942}") = "8-8", "8-8\8-8.vcxproj", "{FA20F247-BF74-4B17-8619-AE1A497877DB}"
EndProject
Project("{8BC9CEB8-8B4A-11D0-8D11-00A0C91BC942}") = "8-9", "8-9\8-9.vcxproj", "{0884E17E-16C5-4B5B-A08F-BECFBD05A217}"
EndProject
Global
	GlobalSection(SolutionConfigurationPlatforms) = preSolution
		Debug|x64 = Debug|x64
		Debug|x86 = Debug|x86
		Release|x64 = Release|x64
		Release|x86 = Release|x86
	EndGlobalSection
	GlobalSection(ProjectConfigurationPlatforms) = postSolution
		{FE545716-9009-4621-A53C-C647EB78B7AF}.Debug|x64.ActiveCfg = Debug|x64
		{FE545716-9009-4621-A53C-C647EB78B7AF}.Debug|x64.Build.0 = Debug|x64
		{FE545716-9009-4621-A53C-C647EB78B7AF}.Debug|x86.ActiveCfg = Debug|Win32
		{FE545716-9009-4621-A53C-C647EB78B7AF}.Debug|x86.Build.0 = Debug|Win32
		{FE545716-9009-4621-A53C-C647EB78B7AF}.Release|x64.ActiveCfg = Release|x64
		{FE545716-9009-4621-A53C-C647EB78B7AF}.Release|x64.Build.0 = Release|x64
		{FE545716-9009-4621-A53C-C647EB78B7AF}.Release|x86.ActiveCfg = Release|Win32
		{FE545716-9009-4621-A53C-C647EB78B7AF}.Release|x86.Build.0 = Release|Win32
		{92F60737-34DD-4BC8-BEA2-ACA81AF4F53B}.Debug|x64.ActiveCfg = Debug|x64
		{92F60737-34DD-4BC8-BEA2-ACA81AF4F53B}.Debug|x64.Build.0 = Debug|x64
		{92F60737-34DD-4BC8-BEA2-ACA81AF4F53B}.Debug|x86.ActiveCfg = Debug|Win32
		{92F60737-34DD-4BC8-BEA2-ACA81AF4F53B}.Debug|x86.Build.0 = Debug|Win32
		{92F60737-34DD-4BC8-BEA2-ACA81AF4F53B}.Release|x64.ActiveCfg = Release|x64
		{92F60737-34DD-4BC8-BEA2-ACA81AF4F53B}.Release|x64.Build.0 = Release|x64
		{92F60737-34DD-4BC8-BEA2-ACA81AF4F53B}.Release|x86.ActiveCfg = Release|Win32
		{92F60737-34DD-4BC8-BEA2-ACA81AF4F53B}.Release|x86.Build.0 = Release|Win32
		{9B6E39AF-74D9-478D-99EE-8490819F5EB6}.Debug|x64.ActiveCfg = Debug|x64
		{9B6E39AF-74D9-478D-99EE-8490819F5EB6}.Debug|x64.Build.0 = Debug|x64
		{9B6E39AF-74D9-478D-99EE-8490819F5EB6}.Debug|x86.ActiveCfg = Debug|Win32
		{9B6E39AF-74D9-478D-99EE-8490819F5EB6}.Debug|x86.Build.0 = Debug|Win32
		{9B6E39AF-74D9-478D-99EE-8490819F5EB6}.Release|x64.ActiveCfg = Release|x64
		{9B6E39AF-74D9-478D-99EE-8490819F5EB6}.Release|x64.Build.0 = Release|x64
		{9B6E39AF-74D9-478D-99EE-8490819F5EB6}.Release|x86.ActiveCfg = Release|Win32
		{9B6E39AF-74D9-478D-99EE-8490819F5EB6}.Release|x86.Build.0 = Release|Win32
		{0C61FAE5-BF0D-4390-B905-DB2740499DC5}.Debug|x64.ActiveCfg = Debug|x64
		{0C61FAE5-BF0D-4390-B905-DB2740499DC5}.Debug|x64.Build.0 = Debug|x64
		{0C61FAE5-BF0D-4390-B905-DB2740499DC5}.Debug|x86.ActiveCfg = Debug|Win32
		{0C61FAE5-BF0D-4390-B905-DB2740499DC5}.Debug|x86.Build.0 = Debug|Win32
		{0C61FAE5-BF0D-4390-B905-DB2740499DC5}.Release|x64.ActiveCfg = Release|x64
		{0C61FAE5-BF0D-4390-B905-DB2740499DC5}.Release|x64.Build.0 = Release|x64
		{0C61FAE5-BF0D-4390-B905-DB2740499DC5}.Release|x86.ActiveCfg = Release|Win32
		{0C61FAE5-BF0D-4390-B905-DB2740499DC5}.Release|x86.Build.0 = Release|Win32
		{2A72F207-85CD-4BEE-91B1-A071C9D4FABE}.Debug|x64.ActiveCfg = Debug|x64
		{2A72F207-85CD-4BEE-91B1-A071C9D4FABE}.Debug|x64.Build.0 = Debug|x64
		{2A72F207-85CD-4BEE-91B1-A071C9D4FABE}.Debug|x86.ActiveCfg = Debug|Win32
		{2A72F207-85CD-4BEE-91B1-A071C9D4FABE}.Debug|x86.Build.0 = Debug|Win32
		{2A72F207-85CD-4BEE-91B1-A071C9D4FABE}.Release|x64.ActiveCfg = Release|x64
		{2A72F207-85CD-4BEE-91B1-A071C9D4FABE}.Release|x64.Build.0 = Release|x64
		{2A72F207-85CD-4BEE-91B1-A071C9D4FABE}.Release|x86.ActiveCfg = Release|Win32
		{2A72F207-85CD-4BEE-91B1-A071C9D4FABE}.Release|x86.Build.0 = Release|Win32
		{D6A9275F-354F-48AB-A1ED-377EFB2398D2}.Debug|x64.ActiveCfg = Debug|x64
		{D6A9275F-354F-48AB-A1ED-377EFB2398D2}.Debug|x64.Build.0 = Debug|x64
		{D6A9275F-354F-48AB-A1ED-377EFB2398D2}.Debug|x86.ActiveCfg = Debug|Win32
		{D6A9275F-354F-48AB-A1ED-377EFB2398D2}.Debug|x86.Build.0 = Debug|Win32
		{D6A9275F-354F-48AB-A1ED-377EFB2398D2}.Release|x64.ActiveCfg = Release|x64
		{D6A9275F-354F-48AB-A1ED-377EFB2398D2}.Release|x64.Build.0 = Release|x64
		{D6A9275F-354F-48AB-A1ED-377EFB2398D2}.Release|x86.ActiveCfg = Release|Win32
		{D6A9275F-354F-48AB-A1ED-377EFB2398D2}.Release|x86.Build.0 = Release|Win32
		{338215B6-C3CB-4743-A619-E6AA6FACB782}.Debug|x64.ActiveCfg = Debug|x64
		{338215B6-C3CB-4743-A619-E6AA6FACB782}.Debug|x64.Build.0 = Debug|x64
		{338215B6-C3CB-4743-A619-E6AA6FACB782}.Debug|x86.ActiveCfg = Debug|Win32
		{338215B6-C3CB-4743-A619-E6AA6FACB782}.Debug|x86.Build.0 = Debug|Win32
		{338215B6-C3CB-4743-A619-E6AA6FACB782}.Release|x64.ActiveCfg = Release|x64
		{338215B6-C3CB-4743-A619-E6AA6FACB782}.Release|x64.Build.0 = Release|x64
		{338215B6-C3CB-4743-A619-E6AA6FACB782}.Release|x86.ActiveCfg = Release|Win32
		{338215B6-C3CB-4743-A619-E6AA6FACB782}.Release|x86.Build.0 = Release|Win32
		{FA20F247-BF74-4B17-8619-AE1A497877DB}.Debug|x64.ActiveCfg = Debug|x64
		{FA20F247-BF74-4B17-8619-AE1A497877DB}.Debug|x64.Build.0 = Debug|x64
		{FA20F247-BF74-4B17-8619-AE1A497877DB}.Debug|x86.ActiveCfg = Debug|Win32
		{FA20F247-BF74-4B17-8619-AE1A497877DB}.Debug|x86.Build.0 = Debug|Win32
		{FA20F247-BF74-4B17-8619-AE1A497877DB}.Release|x64.ActiveCfg = Release|x64
		{FA20F247-BF74-4B17-8619-AE1A497877DB}.Release|x64.Build.0 = Release|x64
		{FA20F247-BF74-4B17-8619-AE1A497877DB}.Release|x86.ActiveCfg = Release|Win32
		{FA20F247-BF74-4B17-8619-AE1A497877DB}.Release|x86.Build.0 = Release|Win32
		{0884E17E-16C5-4B5B-A08F-BECFBD05A217}.Debug|x64.ActiveCfg = Debug|x64
		{0884E17E-16C5-4B5B-A08F-BECFBD05A217}.Debug|x64.Build.0 = Debug|x64
		{0884E17E-16C5-4B5B-A08F-BECFBD05A217}.Debug|x86.ActiveCfg = Debug|Win32
		{0884E17E-16C5-4B5B-A08F-BECFBD05A217}.Debug|x86.Build.0 = Debug|Win32
		{0884E17E-16C5-4B5B-A08F-BECFBD05A217}.Release|x64.ActiveCfg = Release|x64
		{0884E17E-16C5-4B5B-A08F-BECFBD05A217}.Release|x64.Build.0 = Release|x64
		{0884E17E-16C5-4B5B-A08F-BECFBD05A217}.Release|x86.ActiveCfg = Release|Win32
		{0884E17E-16C5-4B5B-A08F-BECFBD05A217}.Release|x86.Build.0 = Release|Win32
	EndGlobalSection
	GlobalSection(SolutionProperties) = preSolution
		HideSolutionNode = FALSE
	EndGlobalSection
	GlobalSection(ExtensibilityGlobals) = postSolution
		SolutionGuid = {7B047B49-6CAF-4F12-BB24-13753AEC781F}
	EndGlobalSection
EndGlobal
