
Microsoft Visual Studio Solution File, Format Version 12.00
# Visual Studio Version 17
VisualStudioVersion = 17.13.35919.96
MinimumVisualStudioVersion = 10.0.40219.1
Project("{8BC9CEB8-8B4A-11D0-8D11-00A0C91BC942}") = "5-2", "5-2\5-2.vcxproj", "{7DE907A6-D691-49F9-A3A5-7141D53D0908}"
EndProject
Project("{8BC9CEB8-8B4A-11D0-8D11-00A0C91BC942}") = "5-3", "5-3\5-3.vcxproj", "{1C306501-ED23-4D04-A263-6521AEB72D2F}"
EndProject
Project("{8BC9CEB8-8B4A-11D0-8D11-00A0C91BC942}") = "5-4", "5-4\5-4.vcxproj", "{4DC22632-8A9E-4F51-A9C6-D9D0A1C5B77F}"
EndProject
Project("{8BC9CEB8-8B4A-11D0-8D11-00A0C91BC942}") = "5-5", "5-5\5-5.vcxproj", "{3F5EC004-5E99-4889-B025-6D2E330BF31B}"
EndProject
Project("{8BC9CEB8-8B4A-11D0-8D11-00A0C91BC942}") = "5-6", "5-6\5-6.vcxproj", "{3C662D42-F98C-4B16-B917-7312E8C19035}"
EndProject
Project("{8BC9CEB8-8B4A-11D0-8D11-00A0C91BC942}") = "5-7", "5-7\5-7.vcxproj", "{394D751A-EDC5-44AB-BD7B-7687D1753BC7}"
EndProject
Project("{8BC9CEB8-8B4A-11D0-8D11-00A0C91BC942}") = "5-1", "5-1\5-1.vcxproj", "{7CC72B87-972C-4C19-B59B-D64F3AD3EADE}"
EndProject
Project("{8BC9CEB8-8B4A-11D0-8D11-00A0C91BC942}") = "5-8", "5-8\5-8.vcxproj", "{C4EF0F00-9499-49BD-8648-D26D248A0FE8}"
EndProject
Project("{8BC9CEB8-8B4A-11D0-8D11-00A0C91BC942}") = "5-9", "5-9\5-9.vcxproj", "{BDCF2FB6-EFE1-4575-8924-436A3132EA2C}"
EndProject
Project("{8BC9CEB8-8B4A-11D0-8D11-00A0C91BC942}") = "5-10", "5-10\5-10.vcxproj", "{37F91AD2-6E74-43A5-A00F-80E58DCA1997}"
EndProject
Project("{8BC9CEB8-8B4A-11D0-8D11-00A0C91BC942}") = "5-11.1", "5-11.1\5-11.1.vcxproj", "{3B94FD59-4702-47A1-915C-2265AD3EA915}"
EndProject
Project("{8BC9CEB8-8B4A-11D0-8D11-00A0C91BC942}") = "5-11.2", "5-11.2\5-11.2.vcxproj", "{234E151B-A2B2-414E-9B55-FAF93299E744}"
EndProject
Project("{8BC9CEB8-8B4A-11D0-8D11-00A0C91BC942}") = "5-11.3", "5-11.3\5-11.3.vcxproj", "{07D3D180-102A-48BB-B5B3-5E181D3D35F5}"
EndProject
Project("{8BC9CEB8-8B4A-11D0-8D11-00A0C91BC942}") = "5-11.4", "5-11.4\5-11.4.vcxproj", "{075D5642-9A34-4B89-84B3-C5C00BC8455A}"
EndProject
Project("{8BC9CEB8-8B4A-11D0-8D11-00A0C91BC942}") = "5-12.1", "5-12.1\5-12.1.vcxproj", "{63219DB4-BE88-4D3F-881B-2F1ADEE08E56}"
EndProject
Project("{8BC9CEB8-8B4A-11D0-8D11-00A0C91BC942}") = "5-12.2", "5-12.2\5-12.2.vcxproj", "{84C66815-A5DE-4106-A307-0F95120E7E19}"
EndProject
Project("{8BC9CEB8-8B4A-11D0-8D11-00A0C91BC942}") = "5-12.3", "5-12.3\5-12.3.vcxproj", "{68522596-78FF-409E-B817-53A84A8C6FD1}"
EndProject
Global
	GlobalSection(SolutionConfigurationPlatforms) = preSolution
		Debug|x64 = Debug|x64
		Debug|x86 = Debug|x86
		Release|x64 = Release|x64
		Release|x86 = Release|x86
	EndGlobalSection
	GlobalSection(ProjectConfigurationPlatforms) = postSolution
		{7DE907A6-D691-49F9-A3A5-7141D53D0908}.Debug|x64.ActiveCfg = Debug|x64
		{7DE907A6-D691-49F9-A3A5-7141D53D0908}.Debug|x64.Build.0 = Debug|x64
		{7DE907A6-D691-49F9-A3A5-7141D53D0908}.Debug|x86.ActiveCfg = Debug|Win32
		{7DE907A6-D691-49F9-A3A5-7141D53D0908}.Debug|x86.Build.0 = Debug|Win32
		{7DE907A6-D691-49F9-A3A5-7141D53D0908}.Release|x64.ActiveCfg = Release|x64
		{7DE907A6-D691-49F9-A3A5-7141D53D0908}.Release|x64.Build.0 = Release|x64
		{7DE907A6-D691-49F9-A3A5-7141D53D0908}.Release|x86.ActiveCfg = Release|Win32
		{7DE907A6-D691-49F9-A3A5-7141D53D0908}.Release|x86.Build.0 = Release|Win32
		{1C306501-ED23-4D04-A263-6521AEB72D2F}.Debug|x64.ActiveCfg = Debug|x64
		{1C306501-ED23-4D04-A263-6521AEB72D2F}.Debug|x64.Build.0 = Debug|x64
		{1C306501-ED23-4D04-A263-6521AEB72D2F}.Debug|x86.ActiveCfg = Debug|Win32
		{1C306501-ED23-4D04-A263-6521AEB72D2F}.Debug|x86.Build.0 = Debug|Win32
		{1C306501-ED23-4D04-A263-6521AEB72D2F}.Release|x64.ActiveCfg = Release|x64
		{1C306501-ED23-4D04-A263-6521AEB72D2F}.Release|x64.Build.0 = Release|x64
		{1C306501-ED23-4D04-A263-6521AEB72D2F}.Release|x86.ActiveCfg = Release|Win32
		{1C306501-ED23-4D04-A263-6521AEB72D2F}.Release|x86.Build.0 = Release|Win32
		{4DC22632-8A9E-4F51-A9C6-D9D0A1C5B77F}.Debug|x64.ActiveCfg = Debug|x64
		{4DC22632-8A9E-4F51-A9C6-D9D0A1C5B77F}.Debug|x64.Build.0 = Debug|x64
		{4DC22632-8A9E-4F51-A9C6-D9D0A1C5B77F}.Debug|x86.ActiveCfg = Debug|Win32
		{4DC22632-8A9E-4F51-A9C6-D9D0A1C5B77F}.Debug|x86.Build.0 = Debug|Win32
		{4DC22632-8A9E-4F51-A9C6-D9D0A1C5B77F}.Release|x64.ActiveCfg = Release|x64
		{4DC22632-8A9E-4F51-A9C6-D9D0A1C5B77F}.Release|x64.Build.0 = Release|x64
		{4DC22632-8A9E-4F51-A9C6-D9D0A1C5B77F}.Release|x86.ActiveCfg = Release|Win32
		{4DC22632-8A9E-4F51-A9C6-D9D0A1C5B77F}.Release|x86.Build.0 = Release|Win32
		{3F5EC004-5E99-4889-B025-6D2E330BF31B}.Debug|x64.ActiveCfg = Debug|x64
		{3F5EC004-5E99-4889-B025-6D2E330BF31B}.Debug|x64.Build.0 = Debug|x64
		{3F5EC004-5E99-4889-B025-6D2E330BF31B}.Debug|x86.ActiveCfg = Debug|Win32
		{3F5EC004-5E99-4889-B025-6D2E330BF31B}.Debug|x86.Build.0 = Debug|Win32
		{3F5EC004-5E99-4889-B025-6D2E330BF31B}.Release|x64.ActiveCfg = Release|x64
		{3F5EC004-5E99-4889-B025-6D2E330BF31B}.Release|x64.Build.0 = Release|x64
		{3F5EC004-5E99-4889-B025-6D2E330BF31B}.Release|x86.ActiveCfg = Release|Win32
		{3F5EC004-5E99-4889-B025-6D2E330BF31B}.Release|x86.Build.0 = Release|Win32
		{3C662D42-F98C-4B16-B917-7312E8C19035}.Debug|x64.ActiveCfg = Debug|x64
		{3C662D42-F98C-4B16-B917-7312E8C19035}.Debug|x64.Build.0 = Debug|x64
		{3C662D42-F98C-4B16-B917-7312E8C19035}.Debug|x86.ActiveCfg = Debug|Win32
		{3C662D42-F98C-4B16-B917-7312E8C19035}.Debug|x86.Build.0 = Debug|Win32
		{3C662D42-F98C-4B16-B917-7312E8C19035}.Release|x64.ActiveCfg = Release|x64
		{3C662D42-F98C-4B16-B917-7312E8C19035}.Release|x64.Build.0 = Release|x64
		{3C662D42-F98C-4B16-B917-7312E8C19035}.Release|x86.ActiveCfg = Release|Win32
		{3C662D42-F98C-4B16-B917-7312E8C19035}.Release|x86.Build.0 = Release|Win32
		{394D751A-EDC5-44AB-BD7B-7687D1753BC7}.Debug|x64.ActiveCfg = Debug|x64
		{394D751A-EDC5-44AB-BD7B-7687D1753BC7}.Debug|x64.Build.0 = Debug|x64
		{394D751A-EDC5-44AB-BD7B-7687D1753BC7}.Debug|x86.ActiveCfg = Debug|Win32
		{394D751A-EDC5-44AB-BD7B-7687D1753BC7}.Debug|x86.Build.0 = Debug|Win32
		{394D751A-EDC5-44AB-BD7B-7687D1753BC7}.Release|x64.ActiveCfg = Release|x64
		{394D751A-EDC5-44AB-BD7B-7687D1753BC7}.Release|x64.Build.0 = Release|x64
		{394D751A-EDC5-44AB-BD7B-7687D1753BC7}.Release|x86.ActiveCfg = Release|Win32
		{394D751A-EDC5-44AB-BD7B-7687D1753BC7}.Release|x86.Build.0 = Release|Win32
		{7CC72B87-972C-4C19-B59B-D64F3AD3EADE}.Debug|x64.ActiveCfg = Debug|x64
		{7CC72B87-972C-4C19-B59B-D64F3AD3EADE}.Debug|x64.Build.0 = Debug|x64
		{7CC72B87-972C-4C19-B59B-D64F3AD3EADE}.Debug|x86.ActiveCfg = Debug|Win32
		{7CC72B87-972C-4C19-B59B-D64F3AD3EADE}.Debug|x86.Build.0 = Debug|Win32
		{7CC72B87-972C-4C19-B59B-D64F3AD3EADE}.Release|x64.ActiveCfg = Release|x64
		{7CC72B87-972C-4C19-B59B-D64F3AD3EADE}.Release|x64.Build.0 = Release|x64
		{7CC72B87-972C-4C19-B59B-D64F3AD3EADE}.Release|x86.ActiveCfg = Release|Win32
		{7CC72B87-972C-4C19-B59B-D64F3AD3EADE}.Release|x86.Build.0 = Release|Win32
		{C4EF0F00-9499-49BD-8648-D26D248A0FE8}.Debug|x64.ActiveCfg = Debug|x64
		{C4EF0F00-9499-49BD-8648-D26D248A0FE8}.Debug|x64.Build.0 = Debug|x64
		{C4EF0F00-9499-49BD-8648-D26D248A0FE8}.Debug|x86.ActiveCfg = Debug|Win32
		{C4EF0F00-9499-49BD-8648-D26D248A0FE8}.Debug|x86.Build.0 = Debug|Win32
		{C4EF0F00-9499-49BD-8648-D26D248A0FE8}.Release|x64.ActiveCfg = Release|x64
		{C4EF0F00-9499-49BD-8648-D26D248A0FE8}.Release|x64.Build.0 = Release|x64
		{C4EF0F00-9499-49BD-8648-D26D248A0FE8}.Release|x86.ActiveCfg = Release|Win32
		{C4EF0F00-9499-49BD-8648-D26D248A0FE8}.Release|x86.Build.0 = Release|Win32
		{BDCF2FB6-EFE1-4575-8924-436A3132EA2C}.Debug|x64.ActiveCfg = Debug|x64
		{BDCF2FB6-EFE1-4575-8924-436A3132EA2C}.Debug|x64.Build.0 = Debug|x64
		{BDCF2FB6-EFE1-4575-8924-436A3132EA2C}.Debug|x86.ActiveCfg = Debug|Win32
		{BDCF2FB6-EFE1-4575-8924-436A3132EA2C}.Debug|x86.Build.0 = Debug|Win32
		{BDCF2FB6-EFE1-4575-8924-436A3132EA2C}.Release|x64.ActiveCfg = Release|x64
		{BDCF2FB6-EFE1-4575-8924-436A3132EA2C}.Release|x64.Build.0 = Release|x64
		{BDCF2FB6-EFE1-4575-8924-436A3132EA2C}.Release|x86.ActiveCfg = Release|Win32
		{BDCF2FB6-EFE1-4575-8924-436A3132EA2C}.Release|x86.Build.0 = Release|Win32
		{37F91AD2-6E74-43A5-A00F-80E58DCA1997}.Debug|x64.ActiveCfg = Debug|x64
		{37F91AD2-6E74-43A5-A00F-80E58DCA1997}.Debug|x64.Build.0 = Debug|x64
		{37F91AD2-6E74-43A5-A00F-80E58DCA1997}.Debug|x86.ActiveCfg = Debug|Win32
		{37F91AD2-6E74-43A5-A00F-80E58DCA1997}.Debug|x86.Build.0 = Debug|Win32
		{37F91AD2-6E74-43A5-A00F-80E58DCA1997}.Release|x64.ActiveCfg = Release|x64
		{37F91AD2-6E74-43A5-A00F-80E58DCA1997}.Release|x64.Build.0 = Release|x64
		{37F91AD2-6E74-43A5-A00F-80E58DCA1997}.Release|x86.ActiveCfg = Release|Win32
		{37F91AD2-6E74-43A5-A00F-80E58DCA1997}.Release|x86.Build.0 = Release|Win32
		{3B94FD59-4702-47A1-915C-2265AD3EA915}.Debug|x64.ActiveCfg = Debug|x64
		{3B94FD59-4702-47A1-915C-2265AD3EA915}.Debug|x64.Build.0 = Debug|x64
		{3B94FD59-4702-47A1-915C-2265AD3EA915}.Debug|x86.ActiveCfg = Debug|Win32
		{3B94FD59-4702-47A1-915C-2265AD3EA915}.Debug|x86.Build.0 = Debug|Win32
		{3B94FD59-4702-47A1-915C-2265AD3EA915}.Release|x64.ActiveCfg = Release|x64
		{3B94FD59-4702-47A1-915C-2265AD3EA915}.Release|x64.Build.0 = Release|x64
		{3B94FD59-4702-47A1-915C-2265AD3EA915}.Release|x86.ActiveCfg = Release|Win32
		{3B94FD59-4702-47A1-915C-2265AD3EA915}.Release|x86.Build.0 = Release|Win32
		{234E151B-A2B2-414E-9B55-FAF93299E744}.Debug|x64.ActiveCfg = Debug|x64
		{234E151B-A2B2-414E-9B55-FAF93299E744}.Debug|x64.Build.0 = Debug|x64
		{234E151B-A2B2-414E-9B55-FAF93299E744}.Debug|x86.ActiveCfg = Debug|Win32
		{234E151B-A2B2-414E-9B55-FAF93299E744}.Debug|x86.Build.0 = Debug|Win32
		{234E151B-A2B2-414E-9B55-FAF93299E744}.Release|x64.ActiveCfg = Release|x64
		{234E151B-A2B2-414E-9B55-FAF93299E744}.Release|x64.Build.0 = Release|x64
		{234E151B-A2B2-414E-9B55-FAF93299E744}.Release|x86.ActiveCfg = Release|Win32
		{234E151B-A2B2-414E-9B55-FAF93299E744}.Release|x86.Build.0 = Release|Win32
		{07D3D180-102A-48BB-B5B3-5E181D3D35F5}.Debug|x64.ActiveCfg = Debug|x64
		{07D3D180-102A-48BB-B5B3-5E181D3D35F5}.Debug|x64.Build.0 = Debug|x64
		{07D3D180-102A-48BB-B5B3-5E181D3D35F5}.Debug|x86.ActiveCfg = Debug|Win32
		{07D3D180-102A-48BB-B5B3-5E181D3D35F5}.Debug|x86.Build.0 = Debug|Win32
		{07D3D180-102A-48BB-B5B3-5E181D3D35F5}.Release|x64.ActiveCfg = Release|x64
		{07D3D180-102A-48BB-B5B3-5E181D3D35F5}.Release|x64.Build.0 = Release|x64
		{07D3D180-102A-48BB-B5B3-5E181D3D35F5}.Release|x86.ActiveCfg = Release|Win32
		{07D3D180-102A-48BB-B5B3-5E181D3D35F5}.Release|x86.Build.0 = Release|Win32
		{075D5642-9A34-4B89-84B3-C5C00BC8455A}.Debug|x64.ActiveCfg = Debug|x64
		{075D5642-9A34-4B89-84B3-C5C00BC8455A}.Debug|x64.Build.0 = Debug|x64
		{075D5642-9A34-4B89-84B3-C5C00BC8455A}.Debug|x86.ActiveCfg = Debug|Win32
		{075D5642-9A34-4B89-84B3-C5C00BC8455A}.Debug|x86.Build.0 = Debug|Win32
		{075D5642-9A34-4B89-84B3-C5C00BC8455A}.Release|x64.ActiveCfg = Release|x64
		{075D5642-9A34-4B89-84B3-C5C00BC8455A}.Release|x64.Build.0 = Release|x64
		{075D5642-9A34-4B89-84B3-C5C00BC8455A}.Release|x86.ActiveCfg = Release|Win32
		{075D5642-9A34-4B89-84B3-C5C00BC8455A}.Release|x86.Build.0 = Release|Win32
		{63219DB4-BE88-4D3F-881B-2F1ADEE08E56}.Debug|x64.ActiveCfg = Debug|x64
		{63219DB4-BE88-4D3F-881B-2F1ADEE08E56}.Debug|x64.Build.0 = Debug|x64
		{63219DB4-BE88-4D3F-881B-2F1ADEE08E56}.Debug|x86.ActiveCfg = Debug|Win32
		{63219DB4-BE88-4D3F-881B-2F1ADEE08E56}.Debug|x86.Build.0 = Debug|Win32
		{63219DB4-BE88-4D3F-881B-2F1ADEE08E56}.Release|x64.ActiveCfg = Release|x64
		{63219DB4-BE88-4D3F-881B-2F1ADEE08E56}.Release|x64.Build.0 = Release|x64
		{63219DB4-BE88-4D3F-881B-2F1ADEE08E56}.Release|x86.ActiveCfg = Release|Win32
		{63219DB4-BE88-4D3F-881B-2F1ADEE08E56}.Release|x86.Build.0 = Release|Win32
		{84C66815-A5DE-4106-A307-0F95120E7E19}.Debug|x64.ActiveCfg = Debug|x64
		{84C66815-A5DE-4106-A307-0F95120E7E19}.Debug|x64.Build.0 = Debug|x64
		{84C66815-A5DE-4106-A307-0F95120E7E19}.Debug|x86.ActiveCfg = Debug|Win32
		{84C66815-A5DE-4106-A307-0F95120E7E19}.Debug|x86.Build.0 = Debug|Win32
		{84C66815-A5DE-4106-A307-0F95120E7E19}.Release|x64.ActiveCfg = Release|x64
		{84C66815-A5DE-4106-A307-0F95120E7E19}.Release|x64.Build.0 = Release|x64
		{84C66815-A5DE-4106-A307-0F95120E7E19}.Release|x86.ActiveCfg = Release|Win32
		{84C66815-A5DE-4106-A307-0F95120E7E19}.Release|x86.Build.0 = Release|Win32
		{68522596-78FF-409E-B817-53A84A8C6FD1}.Debug|x64.ActiveCfg = Debug|x64
		{68522596-78FF-409E-B817-53A84A8C6FD1}.Debug|x64.Build.0 = Debug|x64
		{68522596-78FF-409E-B817-53A84A8C6FD1}.Debug|x86.ActiveCfg = Debug|Win32
		{68522596-78FF-409E-B817-53A84A8C6FD1}.Debug|x86.Build.0 = Debug|Win32
		{68522596-78FF-409E-B817-53A84A8C6FD1}.Release|x64.ActiveCfg = Release|x64
		{68522596-78FF-409E-B817-53A84A8C6FD1}.Release|x64.Build.0 = Release|x64
		{68522596-78FF-409E-B817-53A84A8C6FD1}.Release|x86.ActiveCfg = Release|Win32
		{68522596-78FF-409E-B817-53A84A8C6FD1}.Release|x86.Build.0 = Release|Win32
	EndGlobalSection
	GlobalSection(SolutionProperties) = preSolution
		HideSolutionNode = FALSE
	EndGlobalSection
	GlobalSection(ExtensibilityGlobals) = postSolution
		SolutionGuid = {BEAD6586-A2CC-4214-983A-E65476023F42}
	EndGlobalSection
EndGlobal
